// !$*UTF8*$!
{
	archiveVersion = 1;
	classes = {
	};
	objectVersion = 56;
	objects = {

/* Begin PBXBuildFile section */
		489A76352C4FC6F300F43B69 /* MovesApp.swift in Sources */ = {isa = PBXBuildFile; fileRef = 489A76342C4FC6F300F43B69 /* MovesApp.swift */; };
		489A76372C4FC6F300F43B69 /* ContentView.swift in Sources */ = {isa = PBXBuildFile; fileRef = 489A76362C4FC6F300F43B69 /* ContentView.swift */; };
		489A763B2C4FC6F500F43B69 /* Assets.xcassets in Resources */ = {isa = PBXBuildFile; fileRef = 489A763A2C4FC6F500F43B69 /* Assets.xcassets */; };
		489A763E2C4FC6F500F43B69 /* Preview Assets.xcassets in Resources */ = {isa = PBXBuildFile; fileRef = 489A763D2C4FC6F500F43B69 /* Preview Assets.xcassets */; };
		489A76452C4FC70D00F43B69 /* LocationChange.swift in Sources */ = {isa = PBXBuildFile; fileRef = 489A76442C4FC70D00F43B69 /* LocationChange.swift */; };
		489A76492C4FDE1E00F43B69 /* VisitedLocation.swift in Sources */ = {isa = PBXBuildFile; fileRef = 489A76482C4FDE1E00F43B69 /* VisitedLocation.swift */; };
		48A8FACF2F85166D000EAECA /* AppIcon.icon in Resources */ = {isa = PBXBuildFile; fileRef = 48A8FACE2F85166D000EAECA /* AppIcon.icon */; };
		48A8FC0F2F8CCC7E000EAECA /* CreatedByView.swift in Sources */ = {isa = PBXBuildFile; fileRef = 48A8FC0E2F8CCC7E000EAECA /* CreatedByView.swift */; };
		48A8FC112F8CCD27000EAECA /* VersionNumberView.swift in Sources */ = {isa = PBXBuildFile; fileRef = 48A8FC102F8CCD27000EAECA /* VersionNumberView.swift */; };
		48E2BF8C2F9958A3004B7600 /* Localizable.xcstrings in Resources */ = {isa = PBXBuildFile; fileRef = 48E2BF8B2F9958A3004B7600 /* Localizable.xcstrings */; };
		48F58A842FBAF2BA0027EE58 /* AppIcon.icon in Resources */ = {isa = PBXBuildFile; fileRef = 48A8FACE2F85166D000EAECA /* AppIcon.icon */; };
		48F58A852FBAF2BA0027EE58 /* AppIcon.icon in Resources */ = {isa = PBXBuildFile; fileRef = 48A8FACE2F85166D000EAECA /* AppIcon.icon */; };
		48F58A862FBAF2BA0027EE58 /* AppIcon.icon in Resources */ = {isa = PBXBuildFile; fileRef = 48A8FACE2F85166D000EAECA /* AppIcon.icon */; };
		48F58C322FBB06570027EE58 /* Moves Watch Widgets.appex in Embed Foundation Extensions */ = {isa = PBXBuildFile; fileRef = A30000012FB0000100000022 /* Moves Watch Widgets.appex */; settings = {ATTRIBUTES = (RemoveHeadersOnCopy, ); }; };
		48F58C362FBB0F200027EE58 /* Assets.xcassets in Resources */ = {isa = PBXBuildFile; fileRef = 489A763A2C4FC6F500F43B69 /* Assets.xcassets */; };
		48F58C372FBB0F200027EE58 /* Assets.xcassets in Resources */ = {isa = PBXBuildFile; fileRef = 489A763A2C4FC6F500F43B69 /* Assets.xcassets */; };
		48F58C382FBB0F200027EE58 /* Assets.xcassets in Resources */ = {isa = PBXBuildFile; fileRef = 489A763A2C4FC6F500F43B69 /* Assets.xcassets */; };
		48F91DF2305A5FF30011EEA3 /* BMW.icon in Resources */ = {isa = PBXBuildFile; fileRef = 48F91DF1305A5FF30011EEA3 /* BMW.icon */; };
		48F91DF4305A608A0011EEA3 /* Magicneu.icon in Resources */ = {isa = PBXBuildFile; fileRef = 48F91DF3305A608A0011EEA3 /* Magicneu.icon */; };
		48F91DF6305A61F70011EEA3 /* Magicalt.icon in Resources */ = {isa = PBXBuildFile; fileRef = 48F91DF5305A61F70011EEA3 /* Magicalt.icon */; };
		48F91DF8305A62470011EEA3 /* maserati.icon in Resources */ = {isa = PBXBuildFile; fileRef = 48F91DF7305A62470011EEA3 /* maserati.icon */; };
		48F91DFA305A63000011EEA3 /* ironman.icon in Resources */ = {isa = PBXBuildFile; fileRef = 48F91DF9305A63000011EEA3 /* ironman.icon */; };
		48F91DFC305A63600011EEA3 /* NYC.icon in Resources */ = {isa = PBXBuildFile; fileRef = 48F91DFB305A63600011EEA3 /* NYC.icon */; };
		48F91DFE305A6B7E0011EEA3 /* macro.icon in Resources */ = {isa = PBXBuildFile; fileRef = 48F91DFD305A6B7E0011EEA3 /* macro.icon */; };
		48F91E00305A6B830011EEA3 /* moto.icon in Resources */ = {isa = PBXBuildFile; fileRef = 48F91DFF305A6B830011EEA3 /* moto.icon */; };
		48F91E02305A710E0011EEA3 /* doom.icon in Resources */ = {isa = PBXBuildFile; fileRef = 48F91E01305A710E0011EEA3 /* doom.icon */; };
		48F91E04305A73690011EEA3 /* OG.icon in Resources */ = {isa = PBXBuildFile; fileRef = 48F91E03305A73690011EEA3 /* OG.icon */; };
		48F91E06305A743F0011EEA3 /* IBM.icon in Resources */ = {isa = PBXBuildFile; fileRef = 48F91E05305A743F0011EEA3 /* IBM.icon */; };
		48F92460305A76250011EEA3 /* star.icon in Resources */ = {isa = PBXBuildFile; fileRef = 48F9245F305A76250011EEA3 /* star.icon */; };
		48F92464305A78450011EEA3 /* MUC.icon in Resources */ = {isa = PBXBuildFile; fileRef = 48F92463305A78450011EEA3 /* MUC.icon */; };
		48F92465305A78450011EEA3 /* Mac.icon in Resources */ = {isa = PBXBuildFile; fileRef = 48F92461305A78450011EEA3 /* Mac.icon */; };
		48F92466305A78450011EEA3 /* mclaren.icon in Resources */ = {isa = PBXBuildFile; fileRef = 48F92462305A78450011EEA3 /* mclaren.icon */; };
		48F9246E305A82D60011EEA3 /* mms.icon in Resources */ = {isa = PBXBuildFile; fileRef = 48F9246D305A82D60011EEA3 /* mms.icon */; };
		48F92472305A83BC0011EEA3 /* paris.icon in Resources */ = {isa = PBXBuildFile; fileRef = 48F92471305A83BC0011EEA3 /* paris.icon */; };
		48F92474305A844C0011EEA3 /* barcelona.icon in Resources */ = {isa = PBXBuildFile; fileRef = 48F92473305A844C0011EEA3 /* barcelona.icon */; };
		48F92476305A85930011EEA3 /* DC.icon in Resources */ = {isa = PBXBuildFile; fileRef = 48F92475305A85930011EEA3 /* DC.icon */; };
		48F92478305A86710011EEA3 /* mortal.icon in Resources */ = {isa = PBXBuildFile; fileRef = 48F92477305A86710011EEA3 /* mortal.icon */; };
		48F9247B305A89B10011EEA3 /* mario.icon in Resources */ = {isa = PBXBuildFile; fileRef = 48F92479305A89B10011EEA3 /* mario.icon */; };
		48F9247C305A89B10011EEA3 /* sunshine.icon in Resources */ = {isa = PBXBuildFile; fileRef = 48F9247A305A89B10011EEA3 /* sunshine.icon */; };
		48F9247F305A8DB80011EEA3 /* megamanPerspective.icon in Resources */ = {isa = PBXBuildFile; fileRef = 48F9247E305A8DB80011EEA3 /* megamanPerspective.icon */; };
		48F92480305A8DB80011EEA3 /* megaman.icon in Resources */ = {isa = PBXBuildFile; fileRef = 48F9247D305A8DB80011EEA3 /* megaman.icon */; };
		48F92482305A8E540011EEA3 /* monsters.icon in Resources */ = {isa = PBXBuildFile; fileRef = 48F92481305A8E540011EEA3 /* monsters.icon */; };
		48F92484305A9D500011EEA3 /* massi.icon in Resources */ = {isa = PBXBuildFile; fileRef = 48F92483305A9D500011EEA3 /* massi.icon */; };
		48F92486305A9DF00011EEA3 /* impossible.icon in Resources */ = {isa = PBXBuildFile; fileRef = 48F92485305A9DF00011EEA3 /* impossible.icon */; };
		48F92488305AA9190011EEA3 /* magnum.icon in Resources */ = {isa = PBXBuildFile; fileRef = 48F92487305AA9190011EEA3 /* magnum.icon */; };
		48F9248A305AAA820011EEA3 /* metroid.icon in Resources */ = {isa = PBXBuildFile; fileRef = 48F92489305AAA820011EEA3 /* metroid.icon */; };
		48F9248C305AAF070011EEA3 /* montblanc.icon in Resources */ = {isa = PBXBuildFile; fileRef = 48F9248B305AAF070011EEA3 /* montblanc.icon */; };
		48F9248E305AB0340011EEA3 /* monsterEnergy.icon in Resources */ = {isa = PBXBuildFile; fileRef = 48F9248D305AB0340011EEA3 /* monsterEnergy.icon */; };
		48F92490305AB31F0011EEA3 /* berg.icon in Resources */ = {isa = PBXBuildFile; fileRef = 48F9248F305AB31F0011EEA3 /* berg.icon */; };
		48F92492305AB5C80011EEA3 /* Pride.icon in Resources */ = {isa = PBXBuildFile; fileRef = 48F92491305AB5C80011EEA3 /* Pride.icon */; };
		48F925DA305AC1870011EEA3 /* milka.icon in Resources */ = {isa = PBXBuildFile; fileRef = 48F925D9305AC1870011EEA3 /* milka.icon */; };
		48F925DC305AC3290011EEA3 /* Moritz.icon in Resources */ = {isa = PBXBuildFile; fileRef = 48F925DB305AC3290011EEA3 /* Moritz.icon */; };
		48F925DE305AC4680011EEA3 /* mars.icon in Resources */ = {isa = PBXBuildFile; fileRef = 48F925DD305AC4680011EEA3 /* mars.icon */; };
		48F925E1305AC5790011EEA3 /* megadrive.icon in Resources */ = {isa = PBXBuildFile; fileRef = 48F925DF305AC5790011EEA3 /* megadrive.icon */; };
		48F925E2305AC5790011EEA3 /* megadrive2.icon in Resources */ = {isa = PBXBuildFile; fileRef = 48F925E0305AC5790011EEA3 /* megadrive2.icon */; };
		48F925E6305ACD540011EEA3 /* metallica.icon in Resources */ = {isa = PBXBuildFile; fileRef = 48F925E5305ACD540011EEA3 /* metallica.icon */; };
		48F925E9305ACE510011EEA3 /* ironMaiden.icon in Resources */ = {isa = PBXBuildFile; fileRef = 48F925E7305ACE510011EEA3 /* ironMaiden.icon */; };
		48F925EA305ACE510011EEA3 /* ironMaiden2.icon in Resources */ = {isa = PBXBuildFile; fileRef = 48F925E8305ACE510011EEA3 /* ironMaiden2.icon */; };
		48F925EC305ACF0B0011EEA3 /* madsen.icon in Resources */ = {isa = PBXBuildFile; fileRef = 48F925EB305ACF0B0011EEA3 /* madsen.icon */; };
		48F925EF305AD1710011EEA3 /* TLS2016.icon in Resources */ = {isa = PBXBuildFile; fileRef = 48F925ED305AD1710011EEA3 /* TLS2016.icon */; };
		48F925F0305AD1710011EEA3 /* TLSold.icon in Resources */ = {isa = PBXBuildFile; fileRef = 48F925EE305AD1710011EEA3 /* TLSold.icon */; };
		48F925F2305AD31C0011EEA3 /* metroMelbourne.icon in Resources */ = {isa = PBXBuildFile; fileRef = 48F925F1305AD31C0011EEA3 /* metroMelbourne.icon */; };
		48F925F4305AD7120011EEA3 /* sydney.icon in Resources */ = {isa = PBXBuildFile; fileRef = 48F925F3305AD7120011EEA3 /* sydney.icon */; };
		48F925F6305B073A0011EEA3 /* M-stadt.icon in Resources */ = {isa = PBXBuildFile; fileRef = 48F925F5305B073A0011EEA3 /* M-stadt.icon */; };
		9A1B00012F00000100000004 /* TimelineAssemblerTests.swift in Sources */ = {isa = PBXBuildFile; fileRef = 9A1B00012F00000100000002 /* TimelineAssemblerTests.swift */; };
		A10000012F00000100000002 /* MovesRouteSupport.swift in Sources */ = {isa = PBXBuildFile; fileRef = A10000012F00000100000001 /* MovesRouteSupport.swift */; };
		A10000012F00000100000004 /* MovesTimelineViews.swift in Sources */ = {isa = PBXBuildFile; fileRef = A10000012F00000100000003 /* MovesTimelineViews.swift */; };
		A10000012F00000100000006 /* MovesDetailViews.swift in Sources */ = {isa = PBXBuildFile; fileRef = A10000012F00000100000005 /* MovesDetailViews.swift */; };
		A10000012F00000100000008 /* MovesSettingsView.swift in Sources */ = {isa = PBXBuildFile; fileRef = A10000012F00000100000007 /* MovesSettingsView.swift */; };
		A10000012F00000100000108 /* AppIconPicker.swift in Sources */ = {isa = PBXBuildFile; fileRef = A10000012F00000100000107 /* AppIconPicker.swift */; };
		A10000012F00000100000208 /* GeneratedAppIcons.swift in Sources */ = {isa = PBXBuildFile; fileRef = A10000012F00000100000207 /* GeneratedAppIcons.swift */; };
		A20000012FA0000100000001 /* HealthWorkoutRouteImporter.swift in Sources */ = {isa = PBXBuildFile; fileRef = A20000012FA0000100000000 /* HealthWorkoutRouteImporter.swift */; };
		A20000012FA0000100000003 /* WatchRouteInbox.swift in Sources */ = {isa = PBXBuildFile; fileRef = A20000012FA0000100000002 /* WatchRouteInbox.swift */; };
		A20000012FA0000100000011 /* WatchMovesApp.swift in Sources */ = {isa = PBXBuildFile; fileRef = A20000012FA0000100000010 /* WatchMovesApp.swift */; };
		A20000012FA0000100000013 /* WatchMovesContentView.swift in Sources */ = {isa = PBXBuildFile; fileRef = A20000012FA0000100000012 /* WatchMovesContentView.swift */; };
		A20000012FA0000100000015 /* WatchLocationTracker.swift in Sources */ = {isa = PBXBuildFile; fileRef = A20000012FA0000100000014 /* WatchLocationTracker.swift */; };
		A20000012FA0000100000018 /* Moves Watch App.app in Embed Watch Content */ = {isa = PBXBuildFile; fileRef = A20000012FA0000100000017 /* Moves Watch App.app */; platformFilter = ios; settings = {ATTRIBUTES = (RemoveHeadersOnCopy, ); }; };
		A30000012FB0000100000001 /* TimelineWidgetSnapshot.swift in Sources */ = {isa = PBXBuildFile; fileRef = A30000012FB0000100000000 /* TimelineWidgetSnapshot.swift */; };
		A30000012FB0000100000011 /* MovesWidgets.swift in Sources */ = {isa = PBXBuildFile; fileRef = A30000012FB0000100000010 /* MovesWidgets.swift */; };
		A30000012FB0000100000013 /* MovesWatchComplications.swift in Sources */ = {isa = PBXBuildFile; fileRef = A30000012FB0000100000012 /* MovesWatchComplications.swift */; };
		A30000012FB0000100000015 /* TimelineWidgetViews.swift in Sources */ = {isa = PBXBuildFile; fileRef = A30000012FB0000100000014 /* TimelineWidgetViews.swift */; };
		A30000012FB0000100000016 /* TimelineWidgetViews.swift in Sources */ = {isa = PBXBuildFile; fileRef = A30000012FB0000100000014 /* TimelineWidgetViews.swift */; };
		A30000012FB0000100000018 /* TimelineWidgetSnapshotShared.swift in Sources */ = {isa = PBXBuildFile; fileRef = A30000012FB0000100000017 /* TimelineWidgetSnapshotShared.swift */; };
		A30000012FB0000100000019 /* TimelineWidgetSnapshotShared.swift in Sources */ = {isa = PBXBuildFile; fileRef = A30000012FB0000100000017 /* TimelineWidgetSnapshotShared.swift */; };
		A30000012FB0000100000021 /* Moves Widgets.appex in Embed Foundation Extensions */ = {isa = PBXBuildFile; fileRef = A30000012FB0000100000020 /* Moves Widgets.appex */; settings = {ATTRIBUTES = (RemoveHeadersOnCopy, ); }; };
		A40000012FC0000100000001 /* RouteFileImport.swift in Sources */ = {isa = PBXBuildFile; fileRef = A40000012FC0000100000000 /* RouteFileImport.swift */; };
		A41000012FC0000100000001 /* ImportQueue.swift in Sources */ = {isa = PBXBuildFile; fileRef = A41000012FC0000100000000 /* ImportQueue.swift */; };
		A42000012FC0000100000001 /* RouteImportAcquisition.swift in Sources */ = {isa = PBXBuildFile; fileRef = A42000012FC0000100000000 /* RouteImportAcquisition.swift */; };
		A50000012FD0000100000001 /* CloudDataPresencePublisher.swift in Sources */ = {isa = PBXBuildFile; fileRef = A50000012FD0000100000000 /* CloudDataPresencePublisher.swift */; };
		A50000012FD0000100000002 /* CloudDataPresence in Frameworks */ = {isa = PBXBuildFile; productRef = A50000012FD0000100000004 /* CloudDataPresence */; };
		A60000012FE0000100000001 /* DailyTimelineBackup.swift in Sources */ = {isa = PBXBuildFile; fileRef = A60000012FE0000100000000 /* DailyTimelineBackup.swift */; };
		A70000012FF0000100000001 /* MovesShareViews.swift in Sources */ = {isa = PBXBuildFile; fileRef = A70000012FF0000100000000 /* MovesShareViews.swift */; };
		A80000012FF0000100000001 /* MovesJumpToDateView.swift in Sources */ = {isa = PBXBuildFile; fileRef = A80000012FF0000100000000 /* MovesJumpToDateView.swift */; };
		A90000012FF0000100000001 /* ShareMapAggregate.swift in Sources */ = {isa = PBXBuildFile; fileRef = A90000012FF0000100000000 /* ShareMapAggregate.swift */; };
		B10000013000000100000001 /* MovesAppIntents.swift in Sources */ = {isa = PBXBuildFile; fileRef = B10000013000000100000000 /* MovesAppIntents.swift */; };
		C10000013000000100000001 /* RouteTrackingLiveActivity.swift in Sources */ = {isa = PBXBuildFile; fileRef = C10000013000000100000000 /* RouteTrackingLiveActivity.swift */; };
		C10000013000000100000003 /* MovesRouteTrackingLiveActivityWidget.swift in Sources */ = {isa = PBXBuildFile; fileRef = C10000013000000100000002 /* MovesRouteTrackingLiveActivityWidget.swift */; };
		C10000013000000100000005 /* MovesRouteTrackingAttributes.swift in Sources */ = {isa = PBXBuildFile; fileRef = C10000013000000100000004 /* MovesRouteTrackingAttributes.swift */; };
		C10000013000000100000006 /* MovesRouteTrackingAttributes.swift in Sources */ = {isa = PBXBuildFile; fileRef = C10000013000000100000004 /* MovesRouteTrackingAttributes.swift */; };
		D10000013010000100000001 /* DawarichSync.swift in Sources */ = {isa = PBXBuildFile; fileRef = D10000013010000100000000 /* DawarichSync.swift */; };
		D10000013010000100000003 /* DawarichSyncTests.swift in Sources */ = {isa = PBXBuildFile; fileRef = D10000013010000100000002 /* DawarichSyncTests.swift */; };
		E10000013020000100000001 /* MovesStatisticsSearchView.swift in Sources */ = {isa = PBXBuildFile; fileRef = E10000013020000100000000 /* MovesStatisticsSearchView.swift */; };
		E20000013020000100000001 /* MovesStatisticsSearchTests.swift in Sources */ = {isa = PBXBuildFile; fileRef = E20000013020000100000000 /* MovesStatisticsSearchTests.swift */; };
		E21000013020000100000001 /* ImportQueueTests.swift in Sources */ = {isa = PBXBuildFile; fileRef = E21000013020000100000000 /* ImportQueueTests.swift */; };
		E30000013030000100000001 /* MovesKnownLocationsView.swift in Sources */ = {isa = PBXBuildFile; fileRef = E30000013030000100000000 /* MovesKnownLocationsView.swift */; };
		E40000013040000100000001 /* MovesHistoryMapView.swift in Sources */ = {isa = PBXBuildFile; fileRef = E40000013040000100000000 /* MovesHistoryMapView.swift */; };
		E50000013050000100000001 /* CloudKitSyncMonitor in Frameworks */ = {isa = PBXBuildFile; productRef = E50000013050000100000003 /* CloudKitSyncMonitor */; };
		F1000001310000010000000A /* MovesMacApp.swift in Sources */ = {isa = PBXBuildFile; fileRef = F10000013100000100000000 /* MovesMacApp.swift */; };
		F1000001310000010000000B /* VisitedLocation.swift in Sources */ = {isa = PBXBuildFile; fileRef = 489A76482C4FDE1E00F43B69 /* VisitedLocation.swift */; };
		F1000001310000010000000F /* RouteCoordinateStorage.swift in Sources */ = {isa = PBXBuildFile; fileRef = F1000001310000010000000E /* RouteCoordinateStorage.swift */; };
/* End PBXBuildFile section */

/* Begin PBXContainerItemProxy section */
		48F58C332FBB06570027EE58 /* PBXContainerItemProxy */ = {
			isa = PBXContainerItemProxy;
			containerPortal = 489A76292C4FC6F300F43B69 /* Project object */;
			proxyType = 1;
			remoteGlobalIDString = A30000012FB000010000002F;
			remoteInfo = "Moves Watch Widgets";
		};
		9A1B00012F0000010000000C /* PBXContainerItemProxy */ = {
			isa = PBXContainerItemProxy;
			containerPortal = 489A76292C4FC6F300F43B69 /* Project object */;
			proxyType = 1;
			remoteGlobalIDString = 489A76302C4FC6F300F43B69;
			remoteInfo = Moves;
		};
		A20000012FA0000100000022 /* PBXContainerItemProxy */ = {
			isa = PBXContainerItemProxy;
			containerPortal = 489A76292C4FC6F300F43B69 /* Project object */;
			proxyType = 1;
			remoteGlobalIDString = A20000012FA000010000001E;
			remoteInfo = "Moves Watch App";
		};
		A30000012FB0000100000032 /* PBXContainerItemProxy */ = {
			isa = PBXContainerItemProxy;
			containerPortal = 489A76292C4FC6F300F43B69 /* Project object */;
			proxyType = 1;
			remoteGlobalIDString = A30000012FB000010000002E;
			remoteInfo = "Moves Widgets";
		};
/* End PBXContainerItemProxy section */

/* Begin PBXCopyFilesBuildPhase section */
		48F58C352FBB06570027EE58 /* Embed Foundation Extensions */ = {
			isa = PBXCopyFilesBuildPhase;
			buildActionMask = 2147483647;
			dstPath = "";
			dstSubfolderSpec = 13;
			files = (
				48F58C322FBB06570027EE58 /* Moves Watch Widgets.appex in Embed Foundation Extensions */,
			);
			name = "Embed Foundation Extensions";
			runOnlyForDeploymentPostprocessing = 0;
		};
		A20000012FA0000100000019 /* Embed Watch Content */ = {
			isa = PBXCopyFilesBuildPhase;
			buildActionMask = 2147483647;
			dstPath = "$(CONTENTS_FOLDER_PATH)/Watch";
			dstSubfolderSpec = 16;
			files = (
				A20000012FA0000100000018 /* Moves Watch App.app in Embed Watch Content */,
			);
			name = "Embed Watch Content";
			runOnlyForDeploymentPostprocessing = 0;
		};
		A30000012FB0000100000025 /* Embed Foundation Extensions */ = {
			isa = PBXCopyFilesBuildPhase;
			buildActionMask = 2147483647;
			dstPath = "";
			dstSubfolderSpec = 13;
			files = (
				A30000012FB0000100000021 /* Moves Widgets.appex in Embed Foundation Extensions */,
			);
			name = "Embed Foundation Extensions";
			runOnlyForDeploymentPostprocessing = 0;
		};
/* End PBXCopyFilesBuildPhase section */

/* Begin PBXFileReference section */
		489A76312C4FC6F300F43B69 /* Moves.app */ = {isa = PBXFileReference; explicitFileType = wrapper.application; includeInIndex = 0; path = Moves.app; sourceTree = BUILT_PRODUCTS_DIR; };
		489A76342C4FC6F300F43B69 /* MovesApp.swift */ = {isa = PBXFileReference; lastKnownFileType = sourcecode.swift; path = MovesApp.swift; sourceTree = "<group>"; };
		489A76362C4FC6F300F43B69 /* ContentView.swift */ = {isa = PBXFileReference; lastKnownFileType = sourcecode.swift; path = ContentView.swift; sourceTree = "<group>"; };
		489A763A2C4FC6F500F43B69 /* Assets.xcassets */ = {isa = PBXFileReference; lastKnownFileType = folder.assetcatalog; path = Assets.xcassets; sourceTree = "<group>"; };
		489A763D2C4FC6F500F43B69 /* Preview Assets.xcassets */ = {isa = PBXFileReference; lastKnownFileType = folder.assetcatalog; path = "Preview Assets.xcassets"; sourceTree = "<group>"; };
		489A76442C4FC70D00F43B69 /* LocationChange.swift */ = {isa = PBXFileReference; lastKnownFileType = sourcecode.swift; path = LocationChange.swift; sourceTree = "<group>"; };
		489A76462C4FCF1300F43B69 /* Info.plist */ = {isa = PBXFileReference; lastKnownFileType = text.plist; path = Info.plist; sourceTree = "<group>"; };
		489A76472C4FD1A500F43B69 /* Moves.entitlements */ = {isa = PBXFileReference; lastKnownFileType = text.plist.entitlements; path = Moves.entitlements; sourceTree = "<group>"; };
		489A76482C4FDE1E00F43B69 /* VisitedLocation.swift */ = {isa = PBXFileReference; lastKnownFileType = sourcecode.swift; path = VisitedLocation.swift; sourceTree = "<group>"; };
		48A8FACE2F85166D000EAECA /* AppIcon.icon */ = {isa = PBXFileReference; lastKnownFileType = folder.iconcomposer.icon; path = AppIcon.icon; sourceTree = "<group>"; };
		48A8FC0E2F8CCC7E000EAECA /* CreatedByView.swift */ = {isa = PBXFileReference; lastKnownFileType = sourcecode.swift; path = CreatedByView.swift; sourceTree = "<group>"; };
		48A8FC102F8CCD27000EAECA /* VersionNumberView.swift */ = {isa = PBXFileReference; lastKnownFileType = sourcecode.swift; path = VersionNumberView.swift; sourceTree = "<group>"; };
		48E2BF8B2F9958A3004B7600 /* Localizable.xcstrings */ = {isa = PBXFileReference; lastKnownFileType = text.json.xcstrings; path = Localizable.xcstrings; sourceTree = "<group>"; };
		48F91DF1305A5FF30011EEA3 /* BMW.icon */ = {isa = PBXFileReference; lastKnownFileType = folder.iconcomposer.icon; path = BMW.icon; sourceTree = "<group>"; };
		48F91DF3305A608A0011EEA3 /* Magicneu.icon */ = {isa = PBXFileReference; lastKnownFileType = folder.iconcomposer.icon; path = Magicneu.icon; sourceTree = "<group>"; };
		48F91DF5305A61F70011EEA3 /* Magicalt.icon */ = {isa = PBXFileReference; lastKnownFileType = folder.iconcomposer.icon; path = Magicalt.icon; sourceTree = "<group>"; };
		48F91DF7305A62470011EEA3 /* maserati.icon */ = {isa = PBXFileReference; lastKnownFileType = folder.iconcomposer.icon; path = maserati.icon; sourceTree = "<group>"; };
		48F91DF9305A63000011EEA3 /* ironman.icon */ = {isa = PBXFileReference; lastKnownFileType = folder.iconcomposer.icon; path = ironman.icon; sourceTree = "<group>"; };
		48F91DFB305A63600011EEA3 /* NYC.icon */ = {isa = PBXFileReference; lastKnownFileType = folder.iconcomposer.icon; path = NYC.icon; sourceTree = "<group>"; };
		48F91DFD305A6B7E0011EEA3 /* macro.icon */ = {isa = PBXFileReference; lastKnownFileType = folder.iconcomposer.icon; path = macro.icon; sourceTree = "<group>"; };
		48F91DFF305A6B830011EEA3 /* moto.icon */ = {isa = PBXFileReference; lastKnownFileType = folder.iconcomposer.icon; path = moto.icon; sourceTree = "<group>"; };
		48F91E01305A710E0011EEA3 /* doom.icon */ = {isa = PBXFileReference; lastKnownFileType = folder.iconcomposer.icon; path = doom.icon; sourceTree = "<group>"; };
		48F91E03305A73690011EEA3 /* OG.icon */ = {isa = PBXFileReference; lastKnownFileType = folder.iconcomposer.icon; path = OG.icon; sourceTree = "<group>"; };
		48F91E05305A743F0011EEA3 /* IBM.icon */ = {isa = PBXFileReference; lastKnownFileType = folder.iconcomposer.icon; path = IBM.icon; sourceTree = "<group>"; };
		48F9245F305A76250011EEA3 /* star.icon */ = {isa = PBXFileReference; lastKnownFileType = folder.iconcomposer.icon; path = star.icon; sourceTree = "<group>"; };
		48F92461305A78450011EEA3 /* Mac.icon */ = {isa = PBXFileReference; lastKnownFileType = folder.iconcomposer.icon; path = Mac.icon; sourceTree = "<group>"; };
		48F92462305A78450011EEA3 /* mclaren.icon */ = {isa = PBXFileReference; lastKnownFileType = folder.iconcomposer.icon; path = mclaren.icon; sourceTree = "<group>"; };
		48F92463305A78450011EEA3 /* MUC.icon */ = {isa = PBXFileReference; lastKnownFileType = folder.iconcomposer.icon; path = MUC.icon; sourceTree = "<group>"; };
		48F9246D305A82D60011EEA3 /* mms.icon */ = {isa = PBXFileReference; lastKnownFileType = folder.iconcomposer.icon; path = mms.icon; sourceTree = "<group>"; };
		48F92471305A83BC0011EEA3 /* paris.icon */ = {isa = PBXFileReference; lastKnownFileType = folder.iconcomposer.icon; path = paris.icon; sourceTree = "<group>"; };
		48F92473305A844C0011EEA3 /* barcelona.icon */ = {isa = PBXFileReference; lastKnownFileType = folder.iconcomposer.icon; path = barcelona.icon; sourceTree = "<group>"; };
		48F92475305A85930011EEA3 /* DC.icon */ = {isa = PBXFileReference; lastKnownFileType = folder.iconcomposer.icon; path = DC.icon; sourceTree = "<group>"; };
		48F92477305A86710011EEA3 /* mortal.icon */ = {isa = PBXFileReference; lastKnownFileType = folder.iconcomposer.icon; path = mortal.icon; sourceTree = "<group>"; };
		48F92479305A89B10011EEA3 /* mario.icon */ = {isa = PBXFileReference; lastKnownFileType = folder.iconcomposer.icon; path = mario.icon; sourceTree = "<group>"; };
		48F9247A305A89B10011EEA3 /* sunshine.icon */ = {isa = PBXFileReference; lastKnownFileType = folder.iconcomposer.icon; path = sunshine.icon; sourceTree = "<group>"; };
		48F9247D305A8DB80011EEA3 /* megaman.icon */ = {isa = PBXFileReference; lastKnownFileType = folder.iconcomposer.icon; path = megaman.icon; sourceTree = "<group>"; };
		48F9247E305A8DB80011EEA3 /* megamanPerspective.icon */ = {isa = PBXFileReference; lastKnownFileType = folder.iconcomposer.icon; path = megamanPerspective.icon; sourceTree = "<group>"; };
		48F92481305A8E540011EEA3 /* monsters.icon */ = {isa = PBXFileReference; lastKnownFileType = folder.iconcomposer.icon; path = monsters.icon; sourceTree = "<group>"; };
		48F92483305A9D500011EEA3 /* massi.icon */ = {isa = PBXFileReference; lastKnownFileType = folder.iconcomposer.icon; path = massi.icon; sourceTree = "<group>"; };
		48F92485305A9DF00011EEA3 /* impossible.icon */ = {isa = PBXFileReference; lastKnownFileType = folder.iconcomposer.icon; path = impossible.icon; sourceTree = "<group>"; };
		48F92487305AA9190011EEA3 /* magnum.icon */ = {isa = PBXFileReference; lastKnownFileType = folder.iconcomposer.icon; path = magnum.icon; sourceTree = "<group>"; };
		48F92489305AAA820011EEA3 /* metroid.icon */ = {isa = PBXFileReference; lastKnownFileType = folder.iconcomposer.icon; path = metroid.icon; sourceTree = "<group>"; };
		48F9248B305AAF070011EEA3 /* montblanc.icon */ = {isa = PBXFileReference; lastKnownFileType = folder.iconcomposer.icon; path = montblanc.icon; sourceTree = "<group>"; };
		48F9248D305AB0340011EEA3 /* monsterEnergy.icon */ = {isa = PBXFileReference; lastKnownFileType = folder.iconcomposer.icon; path = monsterEnergy.icon; sourceTree = "<group>"; };
		48F9248F305AB31F0011EEA3 /* berg.icon */ = {isa = PBXFileReference; lastKnownFileType = folder.iconcomposer.icon; path = berg.icon; sourceTree = "<group>"; };
		48F92491305AB5C80011EEA3 /* Pride.icon */ = {isa = PBXFileReference; lastKnownFileType = folder.iconcomposer.icon; path = Pride.icon; sourceTree = "<group>"; };
		48F925D9305AC1870011EEA3 /* milka.icon */ = {isa = PBXFileReference; lastKnownFileType = folder.iconcomposer.icon; path = milka.icon; sourceTree = "<group>"; };
		48F925DB305AC3290011EEA3 /* Moritz.icon */ = {isa = PBXFileReference; lastKnownFileType = folder.iconcomposer.icon; path = Moritz.icon; sourceTree = "<group>"; };
		48F925DD305AC4680011EEA3 /* mars.icon */ = {isa = PBXFileReference; lastKnownFileType = folder.iconcomposer.icon; path = mars.icon; sourceTree = "<group>"; };
		48F925DF305AC5790011EEA3 /* megadrive.icon */ = {isa = PBXFileReference; lastKnownFileType = folder.iconcomposer.icon; path = megadrive.icon; sourceTree = "<group>"; };
		48F925E0305AC5790011EEA3 /* megadrive2.icon */ = {isa = PBXFileReference; lastKnownFileType = folder.iconcomposer.icon; path = megadrive2.icon; sourceTree = "<group>"; };
		48F925E5305ACD540011EEA3 /* metallica.icon */ = {isa = PBXFileReference; lastKnownFileType = folder.iconcomposer.icon; path = metallica.icon; sourceTree = "<group>"; };
		48F925E7305ACE510011EEA3 /* ironMaiden.icon */ = {isa = PBXFileReference; lastKnownFileType = folder.iconcomposer.icon; path = ironMaiden.icon; sourceTree = "<group>"; };
		48F925E8305ACE510011EEA3 /* ironMaiden2.icon */ = {isa = PBXFileReference; lastKnownFileType = folder.iconcomposer.icon; path = ironMaiden2.icon; sourceTree = "<group>"; };
		48F925EB305ACF0B0011EEA3 /* madsen.icon */ = {isa = PBXFileReference; lastKnownFileType = folder.iconcomposer.icon; path = madsen.icon; sourceTree = "<group>"; };
		48F925ED305AD1710011EEA3 /* TLS2016.icon */ = {isa = PBXFileReference; lastKnownFileType = folder.iconcomposer.icon; path = TLS2016.icon; sourceTree = "<group>"; };
		48F925EE305AD1710011EEA3 /* TLSold.icon */ = {isa = PBXFileReference; lastKnownFileType = folder.iconcomposer.icon; path = TLSold.icon; sourceTree = "<group>"; };
		48F925F1305AD31C0011EEA3 /* metroMelbourne.icon */ = {isa = PBXFileReference; lastKnownFileType = folder.iconcomposer.icon; path = metroMelbourne.icon; sourceTree = "<group>"; };
		48F925F3305AD7120011EEA3 /* sydney.icon */ = {isa = PBXFileReference; lastKnownFileType = folder.iconcomposer.icon; path = sydney.icon; sourceTree = "<group>"; };
		48F925F5305B073A0011EEA3 /* M-stadt.icon */ = {isa = PBXFileReference; lastKnownFileType = folder.iconcomposer.icon; path = "M-stadt.icon"; sourceTree = "<group>"; };
		9A1B00012F00000100000001 /* MovesTests.xctest */ = {isa = PBXFileReference; explicitFileType = wrapper.cfbundle; includeInIndex = 0; path = MovesTests.xctest; sourceTree = BUILT_PRODUCTS_DIR; };
		9A1B00012F00000100000002 /* TimelineAssemblerTests.swift */ = {isa = PBXFileReference; lastKnownFileType = sourcecode.swift; path = TimelineAssemblerTests.swift; sourceTree = "<group>"; };
		A10000012F00000100000001 /* MovesRouteSupport.swift */ = {isa = PBXFileReference; lastKnownFileType = sourcecode.swift; path = MovesRouteSupport.swift; sourceTree = "<group>"; };
		A10000012F00000100000003 /* MovesTimelineViews.swift */ = {isa = PBXFileReference; lastKnownFileType = sourcecode.swift; path = MovesTimelineViews.swift; sourceTree = "<group>"; };
		A10000012F00000100000005 /* MovesDetailViews.swift */ = {isa = PBXFileReference; lastKnownFileType = sourcecode.swift; path = MovesDetailViews.swift; sourceTree = "<group>"; };
		A10000012F00000100000007 /* MovesSettingsView.swift */ = {isa = PBXFileReference; lastKnownFileType = sourcecode.swift; path = MovesSettingsView.swift; sourceTree = "<group>"; };
		A10000012F00000100000107 /* AppIconPicker.swift */ = {isa = PBXFileReference; lastKnownFileType = sourcecode.swift; path = AppIconPicker.swift; sourceTree = "<group>"; };
		A10000012F00000100000207 /* GeneratedAppIcons.swift */ = {isa = PBXFileReference; lastKnownFileType = sourcecode.swift; path = GeneratedAppIcons.swift; sourceTree = "<group>"; };
		A20000012FA0000100000000 /* HealthWorkoutRouteImporter.swift */ = {isa = PBXFileReference; lastKnownFileType = sourcecode.swift; path = HealthWorkoutRouteImporter.swift; sourceTree = "<group>"; };
		A20000012FA0000100000002 /* WatchRouteInbox.swift */ = {isa = PBXFileReference; lastKnownFileType = sourcecode.swift; path = WatchRouteInbox.swift; sourceTree = "<group>"; };
		A20000012FA0000100000010 /* WatchMovesApp.swift */ = {isa = PBXFileReference; lastKnownFileType = sourcecode.swift; path = WatchMovesApp.swift; sourceTree = "<group>"; };
		A20000012FA0000100000012 /* WatchMovesContentView.swift */ = {isa = PBXFileReference; lastKnownFileType = sourcecode.swift; path = WatchMovesContentView.swift; sourceTree = "<group>"; };
		A20000012FA0000100000014 /* WatchLocationTracker.swift */ = {isa = PBXFileReference; lastKnownFileType = sourcecode.swift; path = WatchLocationTracker.swift; sourceTree = "<group>"; };
		A20000012FA0000100000016 /* Info.plist */ = {isa = PBXFileReference; lastKnownFileType = text.plist.xml; path = Info.plist; sourceTree = "<group>"; };
		A20000012FA0000100000017 /* Moves Watch App.app */ = {isa = PBXFileReference; explicitFileType = wrapper.application; includeInIndex = 0; path = "Moves Watch App.app"; sourceTree = BUILT_PRODUCTS_DIR; };
		A30000012FB0000100000000 /* TimelineWidgetSnapshot.swift */ = {isa = PBXFileReference; lastKnownFileType = sourcecode.swift; path = TimelineWidgetSnapshot.swift; sourceTree = "<group>"; };
		A30000012FB0000100000010 /* MovesWidgets.swift */ = {isa = PBXFileReference; lastKnownFileType = sourcecode.swift; path = MovesWidgets.swift; sourceTree = "<group>"; };
		A30000012FB0000100000012 /* MovesWatchComplications.swift */ = {isa = PBXFileReference; lastKnownFileType = sourcecode.swift; path = MovesWatchComplications.swift; sourceTree = "<group>"; };
		A30000012FB0000100000014 /* TimelineWidgetViews.swift */ = {isa = PBXFileReference; lastKnownFileType = sourcecode.swift; path = TimelineWidgetViews.swift; sourceTree = "<group>"; };
		A30000012FB0000100000017 /* TimelineWidgetSnapshotShared.swift */ = {isa = PBXFileReference; lastKnownFileType = sourcecode.swift; path = TimelineWidgetSnapshotShared.swift; sourceTree = "<group>"; };
		A30000012FB000010000001A /* MovesWidgets-Info.plist */ = {isa = PBXFileReference; lastKnownFileType = text.plist.xml; path = "MovesWidgets-Info.plist"; sourceTree = "<group>"; };
		A30000012FB000010000001B /* MovesWidgets.entitlements */ = {isa = PBXFileReference; lastKnownFileType = text.plist.entitlements; path = MovesWidgets.entitlements; sourceTree = "<group>"; };
		A30000012FB0000100000020 /* Moves Widgets.appex */ = {isa = PBXFileReference; explicitFileType = "wrapper.app-extension"; includeInIndex = 0; path = "Moves Widgets.appex"; sourceTree = BUILT_PRODUCTS_DIR; };
		A30000012FB0000100000022 /* Moves Watch Widgets.appex */ = {isa = PBXFileReference; explicitFileType = "wrapper.app-extension"; includeInIndex = 0; path = "Moves Watch Widgets.appex"; sourceTree = BUILT_PRODUCTS_DIR; };
		A40000012FC0000100000000 /* RouteFileImport.swift */ = {isa = PBXFileReference; lastKnownFileType = sourcecode.swift; path = RouteFileImport.swift; sourceTree = "<group>"; };
		A41000012FC0000100000000 /* ImportQueue.swift */ = {isa = PBXFileReference; lastKnownFileType = sourcecode.swift; path = ImportQueue.swift; sourceTree = "<group>"; };
		A42000012FC0000100000000 /* RouteImportAcquisition.swift */ = {isa = PBXFileReference; lastKnownFileType = sourcecode.swift; path = RouteImportAcquisition.swift; sourceTree = "<group>"; };
		A50000012FD0000100000000 /* CloudDataPresencePublisher.swift */ = {isa = PBXFileReference; lastKnownFileType = sourcecode.swift; path = CloudDataPresencePublisher.swift; sourceTree = "<group>"; };
		A60000012FE0000100000000 /* DailyTimelineBackup.swift */ = {isa = PBXFileReference; lastKnownFileType = sourcecode.swift; path = DailyTimelineBackup.swift; sourceTree = "<group>"; };
		A70000012FF0000100000000 /* MovesShareViews.swift */ = {isa = PBXFileReference; lastKnownFileType = sourcecode.swift; path = MovesShareViews.swift; sourceTree = "<group>"; };
		A80000012FF0000100000000 /* MovesJumpToDateView.swift */ = {isa = PBXFileReference; lastKnownFileType = sourcecode.swift; path = MovesJumpToDateView.swift; sourceTree = "<group>"; };
		A90000012FF0000100000000 /* ShareMapAggregate.swift */ = {isa = PBXFileReference; lastKnownFileType = sourcecode.swift; path = ShareMapAggregate.swift; sourceTree = "<group>"; };
		B10000013000000100000000 /* MovesAppIntents.swift */ = {isa = PBXFileReference; lastKnownFileType = sourcecode.swift; path = MovesAppIntents.swift; sourceTree = "<group>"; };
		C10000013000000100000000 /* RouteTrackingLiveActivity.swift */ = {isa = PBXFileReference; lastKnownFileType = sourcecode.swift; path = RouteTrackingLiveActivity.swift; sourceTree = "<group>"; };
		C10000013000000100000002 /* MovesRouteTrackingLiveActivityWidget.swift */ = {isa = PBXFileReference; lastKnownFileType = sourcecode.swift; path = MovesRouteTrackingLiveActivityWidget.swift; sourceTree = "<group>"; };
		C10000013000000100000004 /* MovesRouteTrackingAttributes.swift */ = {isa = PBXFileReference; lastKnownFileType = sourcecode.swift; path = MovesRouteTrackingAttributes.swift; sourceTree = "<group>"; };
		D10000013010000100000000 /* DawarichSync.swift */ = {isa = PBXFileReference; lastKnownFileType = sourcecode.swift; path = DawarichSync.swift; sourceTree = "<group>"; };
		D10000013010000100000002 /* DawarichSyncTests.swift */ = {isa = PBXFileReference; lastKnownFileType = sourcecode.swift; path = DawarichSyncTests.swift; sourceTree = "<group>"; };
		E10000013020000100000000 /* MovesStatisticsSearchView.swift */ = {isa = PBXFileReference; lastKnownFileType = sourcecode.swift; path = MovesStatisticsSearchView.swift; sourceTree = "<group>"; };
		E20000013020000100000000 /* MovesStatisticsSearchTests.swift */ = {isa = PBXFileReference; lastKnownFileType = sourcecode.swift; path = MovesStatisticsSearchTests.swift; sourceTree = "<group>"; };
		E21000013020000100000000 /* ImportQueueTests.swift */ = {isa = PBXFileReference; lastKnownFileType = sourcecode.swift; path = ImportQueueTests.swift; sourceTree = "<group>"; };
		E30000013030000100000000 /* MovesKnownLocationsView.swift */ = {isa = PBXFileReference; lastKnownFileType = sourcecode.swift; path = MovesKnownLocationsView.swift; sourceTree = "<group>"; };
		E40000013040000100000000 /* MovesHistoryMapView.swift */ = {isa = PBXFileReference; lastKnownFileType = sourcecode.swift; path = MovesHistoryMapView.swift; sourceTree = "<group>"; };
		F10000013100000100000000 /* MovesMacApp.swift */ = {isa = PBXFileReference; lastKnownFileType = sourcecode.swift; path = MovesMacApp.swift; sourceTree = "<group>"; };
		F10000013100000100000001 /* MovesMac.entitlements */ = {isa = PBXFileReference; lastKnownFileType = text.plist.entitlements; path = MovesMac.entitlements; sourceTree = "<group>"; };
		F10000013100000100000002 /* MovesMac.app */ = {isa = PBXFileReference; explicitFileType = wrapper.application; includeInIndex = 0; path = MovesMac.app; sourceTree = BUILT_PRODUCTS_DIR; };
		F1000001310000010000000E /* RouteCoordinateStorage.swift */ = {isa = PBXFileReference; lastKnownFileType = sourcecode.swift; path = RouteCoordinateStorage.swift; sourceTree = "<group>"; };
/* End PBXFileReference section */

/* Begin PBXFrameworksBuildPhase section */
		489A762E2C4FC6F300F43B69 /* Frameworks */ = {
			isa = PBXFrameworksBuildPhase;
			buildActionMask = 2147483647;
			files = (
				A50000012FD0000100000002 /* CloudDataPresence in Frameworks */,
				E50000013050000100000001 /* CloudKitSyncMonitor in Frameworks */,
			);
			runOnlyForDeploymentPostprocessing = 0;
		};
		9A1B00012F00000100000006 /* Frameworks */ = {
			isa = PBXFrameworksBuildPhase;
			buildActionMask = 2147483647;
			files = (
			);
			runOnlyForDeploymentPostprocessing = 0;
		};
		A20000012FA000010000001A /* Frameworks */ = {
			isa = PBXFrameworksBuildPhase;
			buildActionMask = 2147483647;
			files = (
			);
			runOnlyForDeploymentPostprocessing = 0;
		};
		A30000012FB0000100000027 /* Frameworks */ = {
			isa = PBXFrameworksBuildPhase;
			buildActionMask = 2147483647;
			files = (
			);
			runOnlyForDeploymentPostprocessing = 0;
		};
		A30000012FB0000100000028 /* Frameworks */ = {
			isa = PBXFrameworksBuildPhase;
			buildActionMask = 2147483647;
			files = (
			);
			runOnlyForDeploymentPostprocessing = 0;
		};
		F10000013100000100000003 /* Frameworks */ = {
			isa = PBXFrameworksBuildPhase;
			buildActionMask = 2147483647;
			files = (
			);
			runOnlyForDeploymentPostprocessing = 0;
		};
/* End PBXFrameworksBuildPhase section */

/* Begin PBXGroup section */
		489A76282C4FC6F300F43B69 = {
			isa = PBXGroup;
			children = (
				489A76332C4FC6F300F43B69 /* Moves */,
				F10000013100000100000004 /* Moves Mac */,
				A20000012FA000010000001D /* Moves Watch App */,
				A30000012FB000010000002D /* Moves Widgets */,
				9A1B00012F00000100000003 /* MovesTests */,
				48F58C312FBB06570027EE58 /* Frameworks */,
				489A76322C4FC6F300F43B69 /* Products */,
			);
			sourceTree = "<group>";
		};
		489A76322C4FC6F300F43B69 /* Products */ = {
			isa = PBXGroup;
			children = (
				489A76312C4FC6F300F43B69 /* Moves.app */,
				F10000013100000100000002 /* MovesMac.app */,
				9A1B00012F00000100000001 /* MovesTests.xctest */,
				A20000012FA0000100000017 /* Moves Watch App.app */,
				A30000012FB0000100000020 /* Moves Widgets.appex */,
				A30000012FB0000100000022 /* Moves Watch Widgets.appex */,
			);
			name = Products;
			sourceTree = "<group>";
		};
		489A76332C4FC6F300F43B69 /* Moves */ = {
			isa = PBXGroup;
			children = (
				48F91DF0305A5FD70011EEA3 /* Icons */,
				D10000013010000100000000 /* DawarichSync.swift */,
				48A8FC0E2F8CCC7E000EAECA /* CreatedByView.swift */,
				48A8FC102F8CCD27000EAECA /* VersionNumberView.swift */,
				48A8FACE2F85166D000EAECA /* AppIcon.icon */,
				489A76472C4FD1A500F43B69 /* Moves.entitlements */,
				489A76462C4FCF1300F43B69 /* Info.plist */,
				489A76342C4FC6F300F43B69 /* MovesApp.swift */,
				B10000013000000100000000 /* MovesAppIntents.swift */,
				C10000013000000100000000 /* RouteTrackingLiveActivity.swift */,
				A50000012FD0000100000000 /* CloudDataPresencePublisher.swift */,
				A60000012FE0000100000000 /* DailyTimelineBackup.swift */,
				489A76362C4FC6F300F43B69 /* ContentView.swift */,
				A70000012FF0000100000000 /* MovesShareViews.swift */,
				A80000012FF0000100000000 /* MovesJumpToDateView.swift */,
				A90000012FF0000100000000 /* ShareMapAggregate.swift */,
				A10000012F00000100000001 /* MovesRouteSupport.swift */,
				A10000012F00000100000003 /* MovesTimelineViews.swift */,
				A10000012F00000100000005 /* MovesDetailViews.swift */,
				A10000012F00000100000007 /* MovesSettingsView.swift */,
				E10000013020000100000000 /* MovesStatisticsSearchView.swift */,
				E30000013030000100000000 /* MovesKnownLocationsView.swift */,
				E40000013040000100000000 /* MovesHistoryMapView.swift */,
				A10000012F00000100000107 /* AppIconPicker.swift */,
				A10000012F00000100000207 /* GeneratedAppIcons.swift */,
				A20000012FA0000100000000 /* HealthWorkoutRouteImporter.swift */,
				A40000012FC0000100000000 /* RouteFileImport.swift */,
				A41000012FC0000100000000 /* ImportQueue.swift */,
				A42000012FC0000100000000 /* RouteImportAcquisition.swift */,
				A20000012FA0000100000002 /* WatchRouteInbox.swift */,
				F1000001310000010000000E /* RouteCoordinateStorage.swift */,
				A30000012FB0000100000000 /* TimelineWidgetSnapshot.swift */,
				489A76442C4FC70D00F43B69 /* LocationChange.swift */,
				489A76482C4FDE1E00F43B69 /* VisitedLocation.swift */,
				489A763A2C4FC6F500F43B69 /* Assets.xcassets */,
				489A763C2C4FC6F500F43B69 /* Preview Content */,
				48E2BF8B2F9958A3004B7600 /* Localizable.xcstrings */,
			);
			path = Moves;
			sourceTree = "<group>";
		};
		489A763C2C4FC6F500F43B69 /* Preview Content */ = {
			isa = PBXGroup;
			children = (
				489A763D2C4FC6F500F43B69 /* Preview Assets.xcassets */,
			);
			path = "Preview Content";
			sourceTree = "<group>";
		};
		48F58C312FBB06570027EE58 /* Frameworks */ = {
			isa = PBXGroup;
			children = (
			);
			name = Frameworks;
			sourceTree = "<group>";
		};
		48F91DF0305A5FD70011EEA3 /* Icons */ = {
			isa = PBXGroup;
			children = (
				48F925EB305ACF0B0011EEA3 /* madsen.icon */,
				48F925E7305ACE510011EEA3 /* ironMaiden.icon */,
				48F925E8305ACE510011EEA3 /* ironMaiden2.icon */,
				48F925E5305ACD540011EEA3 /* metallica.icon */,
				48F925DF305AC5790011EEA3 /* megadrive.icon */,
				48F925E0305AC5790011EEA3 /* megadrive2.icon */,
				48F925DD305AC4680011EEA3 /* mars.icon */,
				48F925D9305AC1870011EEA3 /* milka.icon */,
				48F925DB305AC3290011EEA3 /* Moritz.icon */,
				48F925F3305AD7120011EEA3 /* sydney.icon */,
				48F92491305AB5C80011EEA3 /* Pride.icon */,
				48F92485305A9DF00011EEA3 /* impossible.icon */,
				48F92483305A9D500011EEA3 /* massi.icon */,
				48F9248D305AB0340011EEA3 /* monsterEnergy.icon */,
				48F92481305A8E540011EEA3 /* monsters.icon */,
				48F9247D305A8DB80011EEA3 /* megaman.icon */,
				48F9247E305A8DB80011EEA3 /* megamanPerspective.icon */,
				48F92479305A89B10011EEA3 /* mario.icon */,
				48F9248B305AAF070011EEA3 /* montblanc.icon */,
				48F92489305AAA820011EEA3 /* metroid.icon */,
				48F9247A305A89B10011EEA3 /* sunshine.icon */,
				48F92477305A86710011EEA3 /* mortal.icon */,
				48F92475305A85930011EEA3 /* DC.icon */,
				48F92487305AA9190011EEA3 /* magnum.icon */,
				48F92471305A83BC0011EEA3 /* paris.icon */,
				48F92473305A844C0011EEA3 /* barcelona.icon */,
				48F9246D305A82D60011EEA3 /* mms.icon */,
				48F9248F305AB31F0011EEA3 /* berg.icon */,
				48F92461305A78450011EEA3 /* Mac.icon */,
				48F925F5305B073A0011EEA3 /* M-stadt.icon */,
				48F92462305A78450011EEA3 /* mclaren.icon */,
				48F92463305A78450011EEA3 /* MUC.icon */,
				48F91E05305A743F0011EEA3 /* IBM.icon */,
				48F91E03305A73690011EEA3 /* OG.icon */,
				48F91E01305A710E0011EEA3 /* doom.icon */,
				48F91DF1305A5FF30011EEA3 /* BMW.icon */,
				48F91DF3305A608A0011EEA3 /* Magicneu.icon */,
				48F91DF5305A61F70011EEA3 /* Magicalt.icon */,
				48F91DF7305A62470011EEA3 /* maserati.icon */,
				48F925F1305AD31C0011EEA3 /* metroMelbourne.icon */,
				48F925ED305AD1710011EEA3 /* TLS2016.icon */,
				48F925EE305AD1710011EEA3 /* TLSold.icon */,
				48F91DF9305A63000011EEA3 /* ironman.icon */,
				48F91DFB305A63600011EEA3 /* NYC.icon */,
				48F91DFD305A6B7E0011EEA3 /* macro.icon */,
				48F9245F305A76250011EEA3 /* star.icon */,
				48F91DFF305A6B830011EEA3 /* moto.icon */,
			);
			path = Icons;
			sourceTree = "<group>";
		};
		9A1B00012F00000100000003 /* MovesTests */ = {
			isa = PBXGroup;
			children = (
				D10000013010000100000002 /* DawarichSyncTests.swift */,
				E20000013020000100000000 /* MovesStatisticsSearchTests.swift */,
				E21000013020000100000000 /* ImportQueueTests.swift */,
				9A1B00012F00000100000002 /* TimelineAssemblerTests.swift */,
			);
			path = MovesTests;
			sourceTree = "<group>";
		};
		A20000012FA000010000001D /* Moves Watch App */ = {
			isa = PBXGroup;
			children = (
				A20000012FA0000100000016 /* Info.plist */,
				A20000012FA0000100000010 /* WatchMovesApp.swift */,
				A20000012FA0000100000012 /* WatchMovesContentView.swift */,
				A20000012FA0000100000014 /* WatchLocationTracker.swift */,
			);
			path = "Moves Watch App";
			sourceTree = "<group>";
		};
		A30000012FB000010000002D /* Moves Widgets */ = {
			isa = PBXGroup;
			children = (
				A30000012FB000010000001A /* MovesWidgets-Info.plist */,
				A30000012FB000010000001B /* MovesWidgets.entitlements */,
				A30000012FB0000100000010 /* MovesWidgets.swift */,
				A30000012FB0000100000012 /* MovesWatchComplications.swift */,
				A30000012FB0000100000014 /* TimelineWidgetViews.swift */,
				A30000012FB0000100000017 /* TimelineWidgetSnapshotShared.swift */,
				C10000013000000100000002 /* MovesRouteTrackingLiveActivityWidget.swift */,
				C10000013000000100000004 /* MovesRouteTrackingAttributes.swift */,
			);
			path = "Moves Widgets";
			sourceTree = "<group>";
		};
		F10000013100000100000004 /* Moves Mac */ = {
			isa = PBXGroup;
			children = (
				F10000013100000100000001 /* MovesMac.entitlements */,
				F10000013100000100000000 /* MovesMacApp.swift */,
			);
			path = Mac;
			sourceTree = "<group>";
		};
/* End PBXGroup section */

/* Begin PBXNativeTarget section */
		489A76302C4FC6F300F43B69 /* Moves */ = {
			isa = PBXNativeTarget;
			buildConfigurationList = 489A76412C4FC6F500F43B69 /* Build configuration list for PBXNativeTarget "Moves" */;
			buildPhases = (
				489A762D2C4FC6F300F43B69 /* Sources */,
				489A762E2C4FC6F300F43B69 /* Frameworks */,
				489A762F2C4FC6F300F43B69 /* Resources */,
				A20000012FA0000100000019 /* Embed Watch Content */,
				A30000012FB0000100000025 /* Embed Foundation Extensions */,
			);
			buildRules = (
			);
			dependencies = (
				A20000012FA0000100000023 /* PBXTargetDependency */,
				A30000012FB0000100000030 /* PBXTargetDependency */,
			);
			name = Moves;
			packageProductDependencies = (
				A50000012FD0000100000004 /* CloudDataPresence */,
				E50000013050000100000003 /* CloudKitSyncMonitor */,
			);
			productName = Moves;
			productReference = 489A76312C4FC6F300F43B69 /* Moves.app */;
			productType = "com.apple.product-type.application";
		};
		9A1B00012F00000100000008 /* MovesTests */ = {
			isa = PBXNativeTarget;
			buildConfigurationList = 9A1B00012F00000100000009 /* Build configuration list for PBXNativeTarget "MovesTests" */;
			buildPhases = (
				9A1B00012F00000100000005 /* Sources */,
				9A1B00012F00000100000006 /* Frameworks */,
				9A1B00012F00000100000007 /* Resources */,
			);
			buildRules = (
			);
			dependencies = (
				9A1B00012F0000010000000D /* PBXTargetDependency */,
			);
			name = MovesTests;
			productName = MovesTests;
			productReference = 9A1B00012F00000100000001 /* MovesTests.xctest */;
			productType = "com.apple.product-type.bundle.unit-test";
		};
		A20000012FA000010000001E /* Moves Watch App */ = {
			isa = PBXNativeTarget;
			buildConfigurationList = A20000012FA0000100000021 /* Build configuration list for PBXNativeTarget "Moves Watch App" */;
			buildPhases = (
				A20000012FA000010000001C /* Sources */,
				A20000012FA000010000001A /* Frameworks */,
				A20000012FA000010000001B /* Resources */,
				48F58C352FBB06570027EE58 /* Embed Foundation Extensions */,
			);
			buildRules = (
			);
			dependencies = (
				48F58C342FBB06570027EE58 /* PBXTargetDependency */,
			);
			name = "Moves Watch App";
			productName = "Moves Watch App";
			productReference = A20000012FA0000100000017 /* Moves Watch App.app */;
			productType = "com.apple.product-type.application";
		};
		A30000012FB000010000002E /* Moves Widgets */ = {
			isa = PBXNativeTarget;
			buildConfigurationList = A30000012FB0000100000035 /* Build configuration list for PBXNativeTarget "Moves Widgets" */;
			buildPhases = (
				A30000012FB000010000002B /* Sources */,
				A30000012FB0000100000027 /* Frameworks */,
				A30000012FB0000100000029 /* Resources */,
			);
			buildRules = (
			);
			dependencies = (
			);
			name = "Moves Widgets";
			productName = "Moves Widgets";
			productReference = A30000012FB0000100000020 /* Moves Widgets.appex */;
			productType = "com.apple.product-type.app-extension";
		};
		A30000012FB000010000002F /* Moves Watch Widgets */ = {
			isa = PBXNativeTarget;
			buildConfigurationList = A30000012FB0000100000038 /* Build configuration list for PBXNativeTarget "Moves Watch Widgets" */;
			buildPhases = (
				A30000012FB000010000002C /* Sources */,
				A30000012FB0000100000028 /* Frameworks */,
				A30000012FB000010000002A /* Resources */,
			);
			buildRules = (
			);
			dependencies = (
			);
			name = "Moves Watch Widgets";
			productName = "Moves Watch Widgets";
			productReference = A30000012FB0000100000022 /* Moves Watch Widgets.appex */;
			productType = "com.apple.product-type.app-extension";
		};
		F10000013100000100000005 /* Moves Mac */ = {
			isa = PBXNativeTarget;
			buildConfigurationList = F10000013100000100000008 /* Build configuration list for PBXNativeTarget "Moves Mac" */;
			buildPhases = (
				F10000013100000100000006 /* Sources */,
				F10000013100000100000003 /* Frameworks */,
				F10000013100000100000007 /* Resources */,
			);
			buildRules = (
			);
			dependencies = (
			);
			name = "Moves Mac";
			productName = "Moves Mac";
			productReference = F10000013100000100000002 /* MovesMac.app */;
			productType = "com.apple.product-type.application";
		};
/* End PBXNativeTarget section */

/* Begin PBXProject section */
		489A76292C4FC6F300F43B69 /* Project object */ = {
			isa = PBXProject;
			attributes = {
				BuildIndependentTargetsInParallel = 1;
				LastSwiftUpdateCheck = 1540;
				LastUpgradeCheck = 2640;
				TargetAttributes = {
					489A76302C4FC6F300F43B69 = {
						CreatedOnToolsVersion = 15.4;
					};
					9A1B00012F00000100000008 = {
						CreatedOnToolsVersion = 26.4;
						TestTargetID = 489A76302C4FC6F300F43B69;
					};
					A20000012FA000010000001E = {
						CreatedOnToolsVersion = 26.4;
					};
					A30000012FB000010000002E = {
						CreatedOnToolsVersion = 26.4;
					};
				A30000012FB000010000002F = {
					CreatedOnToolsVersion = 26.4;
				};
				F10000013100000100000005 = {
					CreatedOnToolsVersion = 27.1;
				};
				};
			};
			buildConfigurationList = 489A762C2C4FC6F300F43B69 /* Build configuration list for PBXProject "Moves" */;
			compatibilityVersion = "Xcode 14.0";
			developmentRegion = en;
			hasScannedForEncodings = 0;
			knownRegions = (
				en,
				Base,
			);
			mainGroup = 489A76282C4FC6F300F43B69;
			packageReferences = (
				A50000012FD0000100000003 /* XCRemoteSwiftPackageReference "CloudDataPresence" */,
				E50000013050000100000002 /* XCRemoteSwiftPackageReference "CloudKitSyncMonitor" */,
			);
			productRefGroup = 489A76322C4FC6F300F43B69 /* Products */;
			projectDirPath = "";
			projectRoot = "";
			targets = (
				489A76302C4FC6F300F43B69 /* Moves */,
				A20000012FA000010000001E /* Moves Watch App */,
				A30000012FB000010000002E /* Moves Widgets */,
				A30000012FB000010000002F /* Moves Watch Widgets */,
				F10000013100000100000005 /* Moves Mac */,
				9A1B00012F00000100000008 /* MovesTests */,
			);
		};
/* End PBXProject section */

/* Begin PBXResourcesBuildPhase section */
		489A762F2C4FC6F300F43B69 /* Resources */ = {
			isa = PBXResourcesBuildPhase;
			buildActionMask = 2147483647;
			files = (
				48F92490305AB31F0011EEA3 /* berg.icon in Resources */,
				48F91E06305A743F0011EEA3 /* IBM.icon in Resources */,
				48F9248C305AAF070011EEA3 /* montblanc.icon in Resources */,
				48F92482305A8E540011EEA3 /* monsters.icon in Resources */,
				48F925EC305ACF0B0011EEA3 /* madsen.icon in Resources */,
				48F91DF4305A608A0011EEA3 /* Magicneu.icon in Resources */,
				48F925F4305AD7120011EEA3 /* sydney.icon in Resources */,
				48F92474305A844C0011EEA3 /* barcelona.icon in Resources */,
				48F91DF2305A5FF30011EEA3 /* BMW.icon in Resources */,
				48F91E04305A73690011EEA3 /* OG.icon in Resources */,
				48F9246E305A82D60011EEA3 /* mms.icon in Resources */,
				48F92488305AA9190011EEA3 /* magnum.icon in Resources */,
				48F92472305A83BC0011EEA3 /* paris.icon in Resources */,
				48F91DF8305A62470011EEA3 /* maserati.icon in Resources */,
				48F925EF305AD1710011EEA3 /* TLS2016.icon in Resources */,
				48F925F0305AD1710011EEA3 /* TLSold.icon in Resources */,
				48F925E6305ACD540011EEA3 /* metallica.icon in Resources */,
				48F925E1305AC5790011EEA3 /* megadrive.icon in Resources */,
				48F925E2305AC5790011EEA3 /* megadrive2.icon in Resources */,
				48F925F2305AD31C0011EEA3 /* metroMelbourne.icon in Resources */,
				48F91DFA305A63000011EEA3 /* ironman.icon in Resources */,
				48F92484305A9D500011EEA3 /* massi.icon in Resources */,
				48F92478305A86710011EEA3 /* mortal.icon in Resources */,
				48F91E02305A710E0011EEA3 /* doom.icon in Resources */,
				48F9248E305AB0340011EEA3 /* monsterEnergy.icon in Resources */,
				489A763E2C4FC6F500F43B69 /* Preview Assets.xcassets in Resources */,
				48F9248A305AAA820011EEA3 /* metroid.icon in Resources */,
				48F925DE305AC4680011EEA3 /* mars.icon in Resources */,
				48F91DFC305A63600011EEA3 /* NYC.icon in Resources */,
				48F91DFE305A6B7E0011EEA3 /* macro.icon in Resources */,
				48F92460305A76250011EEA3 /* star.icon in Resources */,
				48F91DF6305A61F70011EEA3 /* Magicalt.icon in Resources */,
				489A763B2C4FC6F500F43B69 /* Assets.xcassets in Resources */,
				48F9247B305A89B10011EEA3 /* mario.icon in Resources */,
				48F925DA305AC1870011EEA3 /* milka.icon in Resources */,
				48F9247C305A89B10011EEA3 /* sunshine.icon in Resources */,
				48F92464305A78450011EEA3 /* MUC.icon in Resources */,
				48F925DC305AC3290011EEA3 /* Moritz.icon in Resources */,
				48F92486305A9DF00011EEA3 /* impossible.icon in Resources */,
				48F92476305A85930011EEA3 /* DC.icon in Resources */,
				48F92465305A78450011EEA3 /* Mac.icon in Resources */,
				48F925F6305B073A0011EEA3 /* M-stadt.icon in Resources */,
				48F92466305A78450011EEA3 /* mclaren.icon in Resources */,
				48E2BF8C2F9958A3004B7600 /* Localizable.xcstrings in Resources */,
				48A8FACF2F85166D000EAECA /* AppIcon.icon in Resources */,
				48F91E00305A6B830011EEA3 /* moto.icon in Resources */,
				48F9247F305A8DB80011EEA3 /* megamanPerspective.icon in Resources */,
				48F92480305A8DB80011EEA3 /* megaman.icon in Resources */,
				48F92492305AB5C80011EEA3 /* Pride.icon in Resources */,
				48F925E9305ACE510011EEA3 /* ironMaiden.icon in Resources */,
				48F925EA305ACE510011EEA3 /* ironMaiden2.icon in Resources */,
			);
			runOnlyForDeploymentPostprocessing = 0;
		};
		9A1B00012F00000100000007 /* Resources */ = {
			isa = PBXResourcesBuildPhase;
			buildActionMask = 2147483647;
			files = (
			);
			runOnlyForDeploymentPostprocessing = 0;
		};
		A20000012FA000010000001B /* Resources */ = {
			isa = PBXResourcesBuildPhase;
			buildActionMask = 2147483647;
			files = (
				48F58C362FBB0F200027EE58 /* Assets.xcassets in Resources */,
				48F58A842FBAF2BA0027EE58 /* AppIcon.icon in Resources */,
			);
			runOnlyForDeploymentPostprocessing = 0;
		};
		A30000012FB0000100000029 /* Resources */ = {
			isa = PBXResourcesBuildPhase;
			buildActionMask = 2147483647;
			files = (
				48F58C372FBB0F200027EE58 /* Assets.xcassets in Resources */,
				48F58A852FBAF2BA0027EE58 /* AppIcon.icon in Resources */,
			);
			runOnlyForDeploymentPostprocessing = 0;
		};
		A30000012FB000010000002A /* Resources */ = {
			isa = PBXResourcesBuildPhase;
			buildActionMask = 2147483647;
			files = (
				48F58C382FBB0F200027EE58 /* Assets.xcassets in Resources */,
				48F58A862FBAF2BA0027EE58 /* AppIcon.icon in Resources */,
			);
			runOnlyForDeploymentPostprocessing = 0;
		};
/* End PBXResourcesBuildPhase section */

/* Begin PBXShellScriptBuildPhase section */
/* End PBXShellScriptBuildPhase section */

/* Begin PBXSourcesBuildPhase section */
		489A762D2C4FC6F300F43B69 /* Sources */ = {
			isa = PBXSourcesBuildPhase;
			buildActionMask = 2147483647;
			files = (
				D10000013010000100000001 /* DawarichSync.swift in Sources */,
				489A76492C4FDE1E00F43B69 /* VisitedLocation.swift in Sources */,
				A20000012FA0000100000001 /* HealthWorkoutRouteImporter.swift in Sources */,
				A40000012FC0000100000001 /* RouteFileImport.swift in Sources */,
				A41000012FC0000100000001 /* ImportQueue.swift in Sources */,
				A42000012FC0000100000001 /* RouteImportAcquisition.swift in Sources */,
				A20000012FA0000100000003 /* WatchRouteInbox.swift in Sources */,
				F1000001310000010000000F /* RouteCoordinateStorage.swift in Sources */,
				A30000012FB0000100000001 /* TimelineWidgetSnapshot.swift in Sources */,
				489A76372C4FC6F300F43B69 /* ContentView.swift in Sources */,
				A70000012FF0000100000001 /* MovesShareViews.swift in Sources */,
				A80000012FF0000100000001 /* MovesJumpToDateView.swift in Sources */,
				A90000012FF0000100000001 /* ShareMapAggregate.swift in Sources */,
				A10000012F00000100000002 /* MovesRouteSupport.swift in Sources */,
				A10000012F00000100000004 /* MovesTimelineViews.swift in Sources */,
				A10000012F00000100000006 /* MovesDetailViews.swift in Sources */,
				A10000012F00000100000008 /* MovesSettingsView.swift in Sources */,
				E10000013020000100000001 /* MovesStatisticsSearchView.swift in Sources */,
				E30000013030000100000001 /* MovesKnownLocationsView.swift in Sources */,
				E40000013040000100000001 /* MovesHistoryMapView.swift in Sources */,
				A10000012F00000100000108 /* AppIconPicker.swift in Sources */,
				A10000012F00000100000208 /* GeneratedAppIcons.swift in Sources */,
				489A76452C4FC70D00F43B69 /* LocationChange.swift in Sources */,
				A50000012FD0000100000001 /* CloudDataPresencePublisher.swift in Sources */,
				A60000012FE0000100000001 /* DailyTimelineBackup.swift in Sources */,
				48A8FC0F2F8CCC7E000EAECA /* CreatedByView.swift in Sources */,
				48A8FC112F8CCD27000EAECA /* VersionNumberView.swift in Sources */,
				489A76352C4FC6F300F43B69 /* MovesApp.swift in Sources */,
				B10000013000000100000001 /* MovesAppIntents.swift in Sources */,
				C10000013000000100000001 /* RouteTrackingLiveActivity.swift in Sources */,
				C10000013000000100000005 /* MovesRouteTrackingAttributes.swift in Sources */,
			);
			runOnlyForDeploymentPostprocessing = 0;
		};
		9A1B00012F00000100000005 /* Sources */ = {
			isa = PBXSourcesBuildPhase;
			buildActionMask = 2147483647;
			files = (
				D10000013010000100000003 /* DawarichSyncTests.swift in Sources */,
				E20000013020000100000001 /* MovesStatisticsSearchTests.swift in Sources */,
				E21000013020000100000001 /* ImportQueueTests.swift in Sources */,
				9A1B00012F00000100000004 /* TimelineAssemblerTests.swift in Sources */,
			);
			runOnlyForDeploymentPostprocessing = 0;
		};
		A20000012FA000010000001C /* Sources */ = {
			isa = PBXSourcesBuildPhase;
			buildActionMask = 2147483647;
			files = (
				A20000012FA0000100000011 /* WatchMovesApp.swift in Sources */,
				A20000012FA0000100000013 /* WatchMovesContentView.swift in Sources */,
				A20000012FA0000100000015 /* WatchLocationTracker.swift in Sources */,
			);
			runOnlyForDeploymentPostprocessing = 0;
		};
		A30000012FB000010000002B /* Sources */ = {
			isa = PBXSourcesBuildPhase;
			buildActionMask = 2147483647;
			files = (
				A30000012FB0000100000011 /* MovesWidgets.swift in Sources */,
				A30000012FB0000100000015 /* TimelineWidgetViews.swift in Sources */,
				A30000012FB0000100000018 /* TimelineWidgetSnapshotShared.swift in Sources */,
				C10000013000000100000003 /* MovesRouteTrackingLiveActivityWidget.swift in Sources */,
				C10000013000000100000006 /* MovesRouteTrackingAttributes.swift in Sources */,
			);
			runOnlyForDeploymentPostprocessing = 0;
		};
		A30000012FB000010000002C /* Sources */ = {
			isa = PBXSourcesBuildPhase;
			buildActionMask = 2147483647;
			files = (
				A30000012FB0000100000013 /* MovesWatchComplications.swift in Sources */,
				A30000012FB0000100000016 /* TimelineWidgetViews.swift in Sources */,
				A30000012FB0000100000019 /* TimelineWidgetSnapshotShared.swift in Sources */,
			);
			runOnlyForDeploymentPostprocessing = 0;
		};
		F10000013100000100000006 /* Sources */ = {
			isa = PBXSourcesBuildPhase;
			buildActionMask = 2147483647;
			files = (
				F1000001310000010000000A /* MovesMacApp.swift in Sources */,
				F1000001310000010000000B /* VisitedLocation.swift in Sources */,
				F1000001310000010000000F /* RouteCoordinateStorage.swift in Sources */,
			);
			runOnlyForDeploymentPostprocessing = 0;
		};
/* End PBXSourcesBuildPhase section */

/* Begin PBXTargetDependency section */
		48F58C342FBB06570027EE58 /* PBXTargetDependency */ = {
			isa = PBXTargetDependency;
			target = A30000012FB000010000002F /* Moves Watch Widgets */;
			targetProxy = 48F58C332FBB06570027EE58 /* PBXContainerItemProxy */;
		};
		9A1B00012F0000010000000D /* PBXTargetDependency */ = {
			isa = PBXTargetDependency;
			target = 489A76302C4FC6F300F43B69 /* Moves */;
			targetProxy = 9A1B00012F0000010000000C /* PBXContainerItemProxy */;
		};
		A20000012FA0000100000023 /* PBXTargetDependency */ = {
			isa = PBXTargetDependency;
			platformFilter = ios;
			target = A20000012FA000010000001E /* Moves Watch App */;
			targetProxy = A20000012FA0000100000022 /* PBXContainerItemProxy */;
		};
		A30000012FB0000100000030 /* PBXTargetDependency */ = {
			isa = PBXTargetDependency;
			target = A30000012FB000010000002E /* Moves Widgets */;
			targetProxy = A30000012FB0000100000032 /* PBXContainerItemProxy */;
		};
/* End PBXTargetDependency section */

/* Begin XCBuildConfiguration section */
		489A763F2C4FC6F500F43B69 /* Debug */ = {
			isa = XCBuildConfiguration;
			buildSettings = {
				ALWAYS_SEARCH_USER_PATHS = NO;
				ASSETCATALOG_COMPILER_GENERATE_SWIFT_ASSET_SYMBOL_EXTENSIONS = YES;
				CLANG_ANALYZER_NONNULL = YES;
				CLANG_ANALYZER_NUMBER_OBJECT_CONVERSION = YES_AGGRESSIVE;
				CLANG_CXX_LANGUAGE_STANDARD = "gnu++20";
				CLANG_ENABLE_MODULES = YES;
				CLANG_ENABLE_OBJC_ARC = YES;
				CLANG_ENABLE_OBJC_WEAK = YES;
				CLANG_WARN_BLOCK_CAPTURE_AUTORELEASING = YES;
				CLANG_WARN_BOOL_CONVERSION = YES;
				CLANG_WARN_COMMA = YES;
				CLANG_WARN_CONSTANT_CONVERSION = YES;
				CLANG_WARN_DEPRECATED_OBJC_IMPLEMENTATIONS = YES;
				CLANG_WARN_DIRECT_OBJC_ISA_USAGE = YES_ERROR;
				CLANG_WARN_DOCUMENTATION_COMMENTS = YES;
				CLANG_WARN_EMPTY_BODY = YES;
				CLANG_WARN_ENUM_CONVERSION = YES;
				CLANG_WARN_INFINITE_RECURSION = YES;
				CLANG_WARN_INT_CONVERSION = YES;
				CLANG_WARN_NON_LITERAL_NULL_CONVERSION = YES;
				CLANG_WARN_OBJC_IMPLICIT_RETAIN_SELF = YES;
				CLANG_WARN_OBJC_LITERAL_CONVERSION = YES;
				CLANG_WARN_OBJC_ROOT_CLASS = YES_ERROR;
				CLANG_WARN_QUOTED_INCLUDE_IN_FRAMEWORK_HEADER = YES;
				CLANG_WARN_RANGE_LOOP_ANALYSIS = YES;
				CLANG_WARN_STRICT_PROTOTYPES = YES;
				CLANG_WARN_SUSPICIOUS_MOVE = YES;
				CLANG_WARN_UNGUARDED_AVAILABILITY = YES_AGGRESSIVE;
				CLANG_WARN_UNREACHABLE_CODE = YES;
				CLANG_WARN__DUPLICATE_METHOD_MATCH = YES;
				COPY_PHASE_STRIP = NO;
				DEBUG_INFORMATION_FORMAT = dwarf;
				DEVELOPMENT_TEAM = 46D3VYP253;
				ENABLE_STRICT_OBJC_MSGSEND = YES;
				ENABLE_TESTABILITY = YES;
				ENABLE_USER_SCRIPT_SANDBOXING = YES;
				GCC_C_LANGUAGE_STANDARD = gnu17;
				GCC_DYNAMIC_NO_PIC = NO;
				GCC_NO_COMMON_BLOCKS = YES;
				GCC_OPTIMIZATION_LEVEL = 0;
				GCC_PREPROCESSOR_DEFINITIONS = (
					"DEBUG=1",
					"$(inherited)",
				);
				GCC_WARN_64_TO_32_BIT_CONVERSION = YES;
				GCC_WARN_ABOUT_RETURN_TYPE = YES_ERROR;
				GCC_WARN_UNDECLARED_SELECTOR = YES;
				GCC_WARN_UNINITIALIZED_AUTOS = YES_AGGRESSIVE;
				GCC_WARN_UNUSED_FUNCTION = YES;
				GCC_WARN_UNUSED_VARIABLE = YES;
				IPHONEOS_DEPLOYMENT_TARGET = 26.0;
				LOCALIZATION_PREFERS_STRING_CATALOGS = YES;
				MTL_ENABLE_DEBUG_INFO = INCLUDE_SOURCE;
				MTL_FAST_MATH = YES;
				ONLY_ACTIVE_ARCH = YES;
				SDKROOT = iphoneos;
				STRING_CATALOG_GENERATE_SYMBOLS = YES;
				SWIFT_ACTIVE_COMPILATION_CONDITIONS = "DEBUG $(inherited)";
				SWIFT_EMIT_LOC_STRINGS = YES;
				SWIFT_OPTIMIZATION_LEVEL = "-Onone";
			};
			name = Debug;
		};
		489A76402C4FC6F500F43B69 /* Release */ = {
			isa = XCBuildConfiguration;
			buildSettings = {
				ALWAYS_SEARCH_USER_PATHS = NO;
				ASSETCATALOG_COMPILER_GENERATE_SWIFT_ASSET_SYMBOL_EXTENSIONS = YES;
				CLANG_ANALYZER_NONNULL = YES;
				CLANG_ANALYZER_NUMBER_OBJECT_CONVERSION = YES_AGGRESSIVE;
				CLANG_CXX_LANGUAGE_STANDARD = "gnu++20";
				CLANG_ENABLE_MODULES = YES;
				CLANG_ENABLE_OBJC_ARC = YES;
				CLANG_ENABLE_OBJC_WEAK = YES;
				CLANG_WARN_BLOCK_CAPTURE_AUTORELEASING = YES;
				CLANG_WARN_BOOL_CONVERSION = YES;
				CLANG_WARN_COMMA = YES;
				CLANG_WARN_CONSTANT_CONVERSION = YES;
				CLANG_WARN_DEPRECATED_OBJC_IMPLEMENTATIONS = YES;
				CLANG_WARN_DIRECT_OBJC_ISA_USAGE = YES_ERROR;
				CLANG_WARN_DOCUMENTATION_COMMENTS = YES;
				CLANG_WARN_EMPTY_BODY = YES;
				CLANG_WARN_ENUM_CONVERSION = YES;
				CLANG_WARN_INFINITE_RECURSION = YES;
				CLANG_WARN_INT_CONVERSION = YES;
				CLANG_WARN_NON_LITERAL_NULL_CONVERSION = YES;
				CLANG_WARN_OBJC_IMPLICIT_RETAIN_SELF = YES;
				CLANG_WARN_OBJC_LITERAL_CONVERSION = YES;
				CLANG_WARN_OBJC_ROOT_CLASS = YES_ERROR;
				CLANG_WARN_QUOTED_INCLUDE_IN_FRAMEWORK_HEADER = YES;
				CLANG_WARN_RANGE_LOOP_ANALYSIS = YES;
				CLANG_WARN_STRICT_PROTOTYPES = YES;
				CLANG_WARN_SUSPICIOUS_MOVE = YES;
				CLANG_WARN_UNGUARDED_AVAILABILITY = YES_AGGRESSIVE;
				CLANG_WARN_UNREACHABLE_CODE = YES;
				CLANG_WARN__DUPLICATE_METHOD_MATCH = YES;
				COPY_PHASE_STRIP = NO;
				DEBUG_INFORMATION_FORMAT = "dwarf-with-dsym";
				DEVELOPMENT_TEAM = 46D3VYP253;
				ENABLE_NS_ASSERTIONS = NO;
				ENABLE_STRICT_OBJC_MSGSEND = YES;
				ENABLE_USER_SCRIPT_SANDBOXING = YES;
				GCC_C_LANGUAGE_STANDARD = gnu17;
				GCC_NO_COMMON_BLOCKS = YES;
				GCC_WARN_64_TO_32_BIT_CONVERSION = YES;
				GCC_WARN_ABOUT_RETURN_TYPE = YES_ERROR;
				GCC_WARN_UNDECLARED_SELECTOR = YES;
				GCC_WARN_UNINITIALIZED_AUTOS = YES_AGGRESSIVE;
				GCC_WARN_UNUSED_FUNCTION = YES;
				GCC_WARN_UNUSED_VARIABLE = YES;
				IPHONEOS_DEPLOYMENT_TARGET = 26.0;
				LOCALIZATION_PREFERS_STRING_CATALOGS = YES;
				MTL_ENABLE_DEBUG_INFO = NO;
				MTL_FAST_MATH = YES;
				SDKROOT = iphoneos;
				STRING_CATALOG_GENERATE_SYMBOLS = YES;
				SWIFT_COMPILATION_MODE = wholemodule;
				SWIFT_EMIT_LOC_STRINGS = YES;
				VALIDATE_PRODUCT = YES;
			};
			name = Release;
		};
		489A76422C4FC6F500F43B69 /* Debug */ = {
			isa = XCBuildConfiguration;
			buildSettings = {
				ASSETCATALOG_COMPILER_APPICON_NAME = AppIcon;
				ASSETCATALOG_COMPILER_GLOBAL_ACCENT_COLOR_NAME = AccentColor;
				ASSETCATALOG_COMPILER_INCLUDE_ALL_APPICON_ASSETS = YES;
				CODE_SIGN_ENTITLEMENTS = Moves/Moves.entitlements;
				CODE_SIGN_STYLE = Automatic;
				CURRENT_PROJECT_VERSION = 37;
				DEVELOPMENT_ASSET_PATHS = "\"Moves/Preview Content\"";
				ENABLE_PREVIEWS = YES;
				ENABLE_USER_SCRIPT_SANDBOXING = NO;
				GENERATE_INFOPLIST_FILE = YES;
				INFOPLIST_FILE = Moves/Info.plist;
				INFOPLIST_KEY_ITSAppUsesNonExemptEncryption = NO;
				INFOPLIST_KEY_LSApplicationCategoryType = "public.app-category.travel";
				INFOPLIST_KEY_NSHealthShareUsageDescription = "Moves imports workout route GPS from Apple Health to improve your private daily timeline.";
				INFOPLIST_KEY_NSHealthUpdateUsageDescription = "Moves writes your workouts to Apple Health when you choose to export your activity from your private daily timeline.";
				INFOPLIST_KEY_NSLocalNetworkUsageDescription = "Moves can connect to self-hosted location servers on your local network.";
				INFOPLIST_KEY_NSPhotoLibraryAddUsageDescription = "To save images to the library";
				INFOPLIST_KEY_NSSupportsLiveActivities = YES;
				"INFOPLIST_KEY_NSSupportsLiveActivities[sdk=iphoneos*]" = YES;
				"INFOPLIST_KEY_NSSupportsLiveActivities[sdk=iphonesimulator*]" = YES;
				INFOPLIST_KEY_UIApplicationSceneManifest_Generation = YES;
				INFOPLIST_KEY_UIApplicationSupportsIndirectInputEvents = YES;
				INFOPLIST_KEY_UISupportedInterfaceOrientations_iPad = "UIInterfaceOrientationPortrait UIInterfaceOrientationPortraitUpsideDown UIInterfaceOrientationLandscapeLeft UIInterfaceOrientationLandscapeRight";
				INFOPLIST_KEY_UISupportedInterfaceOrientations_iPhone = "UIInterfaceOrientationPortrait UIInterfaceOrientationLandscapeLeft UIInterfaceOrientationLandscapeRight";
				INFOPLIST_PREPROCESS = YES;
				"INFOPLIST_PREPROCESSOR_DEFINITIONS[sdk=macosx*]" = "MAC_CATALYST=1";
				LD_RUNPATH_SEARCH_PATHS = (
					"$(inherited)",
					"@executable_path/Frameworks",
				);
				MARKETING_VERSION = 2026.17;
				PRODUCT_BUNDLE_IDENTIFIER = de.holgerkrupp.Moves;
				PRODUCT_NAME = "$(TARGET_NAME)";
				SUPPORTED_PLATFORMS = "iphoneos iphonesimulator";
				SUPPORTS_MACCATALYST = YES;
				SUPPORTS_MAC_DESIGNED_FOR_IPHONE_IPAD = NO;
				SUPPORTS_XR_DESIGNED_FOR_IPHONE_IPAD = NO;
				SWIFT_EMIT_LOC_STRINGS = YES;
				SWIFT_VERSION = 5.0;
				TARGETED_DEVICE_FAMILY = "1,2";
			};
			name = Debug;
		};
		489A76432C4FC6F500F43B69 /* Release */ = {
			isa = XCBuildConfiguration;
			buildSettings = {
				ASSETCATALOG_COMPILER_APPICON_NAME = AppIcon;
				ASSETCATALOG_COMPILER_GLOBAL_ACCENT_COLOR_NAME = AccentColor;
				ASSETCATALOG_COMPILER_INCLUDE_ALL_APPICON_ASSETS = YES;
				CODE_SIGN_ENTITLEMENTS = Moves/Moves.entitlements;
				CODE_SIGN_STYLE = Automatic;
				CURRENT_PROJECT_VERSION = 37;
				DEVELOPMENT_ASSET_PATHS = "\"Moves/Preview Content\"";
				ENABLE_PREVIEWS = YES;
				ENABLE_USER_SCRIPT_SANDBOXING = NO;
				GENERATE_INFOPLIST_FILE = YES;
				INFOPLIST_FILE = Moves/Info.plist;
				INFOPLIST_KEY_ITSAppUsesNonExemptEncryption = NO;
				INFOPLIST_KEY_LSApplicationCategoryType = "public.app-category.travel";
				INFOPLIST_KEY_NSHealthShareUsageDescription = "Moves imports workout route GPS from Apple Health to improve your private daily timeline.";
				INFOPLIST_KEY_NSHealthUpdateUsageDescription = "Moves writes your workouts to Apple Health when you choose to export your activity from your private daily timeline.";
				INFOPLIST_KEY_NSLocalNetworkUsageDescription = "Moves can connect to self-hosted location servers on your local network.";
				INFOPLIST_KEY_NSPhotoLibraryAddUsageDescription = "To save images to the library";
				INFOPLIST_KEY_NSSupportsLiveActivities = YES;
				"INFOPLIST_KEY_NSSupportsLiveActivities[sdk=iphoneos*]" = YES;
				"INFOPLIST_KEY_NSSupportsLiveActivities[sdk=iphonesimulator*]" = YES;
				INFOPLIST_KEY_UIApplicationSceneManifest_Generation = YES;
				INFOPLIST_KEY_UIApplicationSupportsIndirectInputEvents = YES;
				INFOPLIST_KEY_UISupportedInterfaceOrientations_iPad = "UIInterfaceOrientationPortrait UIInterfaceOrientationPortraitUpsideDown UIInterfaceOrientationLandscapeLeft UIInterfaceOrientationLandscapeRight";
				INFOPLIST_KEY_UISupportedInterfaceOrientations_iPhone = "UIInterfaceOrientationPortrait UIInterfaceOrientationLandscapeLeft UIInterfaceOrientationLandscapeRight";
				INFOPLIST_PREPROCESS = YES;
				"INFOPLIST_PREPROCESSOR_DEFINITIONS[sdk=macosx*]" = "MAC_CATALYST=1";
				LD_RUNPATH_SEARCH_PATHS = (
					"$(inherited)",
					"@executable_path/Frameworks",
				);
				MARKETING_VERSION = 2026.17;
				PRODUCT_BUNDLE_IDENTIFIER = de.holgerkrupp.Moves;
				PRODUCT_NAME = "$(TARGET_NAME)";
				SUPPORTED_PLATFORMS = "iphoneos iphonesimulator";
				SUPPORTS_MACCATALYST = YES;
				SUPPORTS_MAC_DESIGNED_FOR_IPHONE_IPAD = NO;
				SUPPORTS_XR_DESIGNED_FOR_IPHONE_IPAD = NO;
				SWIFT_EMIT_LOC_STRINGS = YES;
				SWIFT_VERSION = 5.0;
				TARGETED_DEVICE_FAMILY = "1,2";
			};
			name = Release;
		};
		9A1B00012F0000010000000A /* Debug */ = {
			isa = XCBuildConfiguration;
			buildSettings = {
				BUNDLE_LOADER = "$(TEST_HOST)";
				CODE_SIGN_STYLE = Automatic;
				CURRENT_PROJECT_VERSION = 1;
				GENERATE_INFOPLIST_FILE = YES;
				IPHONEOS_DEPLOYMENT_TARGET = 26.0;
				LD_RUNPATH_SEARCH_PATHS = (
					"$(inherited)",
					"@executable_path/Frameworks",
					"@loader_path/Frameworks",
				);
				MARKETING_VERSION = 1.0;
				PRODUCT_BUNDLE_IDENTIFIER = de.holgerkrupp.MovesTests;
				PRODUCT_NAME = "$(TARGET_NAME)";
				SDKROOT = iphoneos;
				SKIP_INSTALL = YES;
				SWIFT_ACTIVE_COMPILATION_CONDITIONS = "DEBUG $(inherited)";
				SWIFT_VERSION = 5.0;
				TARGETED_DEVICE_FAMILY = "1,2";
				TEST_HOST = "$(BUILT_PRODUCTS_DIR)/Moves.app/Moves";
				TEST_TARGET_NAME = Moves;
			};
			name = Debug;
		};
		9A1B00012F0000010000000B /* Release */ = {
			isa = XCBuildConfiguration;
			buildSettings = {
				BUNDLE_LOADER = "$(TEST_HOST)";
				CODE_SIGN_STYLE = Automatic;
				CURRENT_PROJECT_VERSION = 1;
				GENERATE_INFOPLIST_FILE = YES;
				IPHONEOS_DEPLOYMENT_TARGET = 26.0;
				LD_RUNPATH_SEARCH_PATHS = (
					"$(inherited)",
					"@executable_path/Frameworks",
					"@loader_path/Frameworks",
				);
				MARKETING_VERSION = 1.0;
				PRODUCT_BUNDLE_IDENTIFIER = de.holgerkrupp.MovesTests;
				PRODUCT_NAME = "$(TARGET_NAME)";
				SDKROOT = iphoneos;
				SKIP_INSTALL = YES;
				SWIFT_VERSION = 5.0;
				TARGETED_DEVICE_FAMILY = "1,2";
				TEST_HOST = "$(BUILT_PRODUCTS_DIR)/Moves.app/Moves";
				TEST_TARGET_NAME = Moves;
			};
			name = Release;
		};
		A20000012FA000010000001F /* Debug */ = {
			isa = XCBuildConfiguration;
			buildSettings = {
				ASSETCATALOG_COMPILER_APPICON_NAME = AppIcon;
				CODE_SIGN_ENTITLEMENTS = "Moves Watch App/MovesWatch.entitlements";
				CODE_SIGN_STYLE = Automatic;
				CURRENT_PROJECT_VERSION = 37;
				GENERATE_INFOPLIST_FILE = NO;
				INFOPLIST_FILE = "Moves Watch App/Info.plist";
				LD_RUNPATH_SEARCH_PATHS = (
					"$(inherited)",
					"@executable_path/Frameworks",
				);
				MARKETING_VERSION = 2026.17;
				PRODUCT_BUNDLE_IDENTIFIER = de.holgerkrupp.Moves.watchkitapp;
				PRODUCT_NAME = "$(TARGET_NAME)";
				SDKROOT = watchos;
				SKIP_INSTALL = YES;
				SUPPORTED_PLATFORMS = "watchos watchsimulator";
				SWIFT_EMIT_LOC_STRINGS = YES;
				SWIFT_VERSION = 5.0;
				TARGETED_DEVICE_FAMILY = 4;
				WATCHOS_DEPLOYMENT_TARGET = 26.0;
			};
			name = Debug;
		};
		A20000012FA0000100000020 /* Release */ = {
			isa = XCBuildConfiguration;
			buildSettings = {
				ASSETCATALOG_COMPILER_APPICON_NAME = AppIcon;
				CODE_SIGN_ENTITLEMENTS = "Moves Watch App/MovesWatch.entitlements";
				CODE_SIGN_STYLE = Automatic;
				CURRENT_PROJECT_VERSION = 37;
				GENERATE_INFOPLIST_FILE = NO;
				INFOPLIST_FILE = "Moves Watch App/Info.plist";
				LD_RUNPATH_SEARCH_PATHS = (
					"$(inherited)",
					"@executable_path/Frameworks",
				);
				MARKETING_VERSION = 2026.17;
				PRODUCT_BUNDLE_IDENTIFIER = de.holgerkrupp.Moves.watchkitapp;
				PRODUCT_NAME = "$(TARGET_NAME)";
				SDKROOT = watchos;
				SKIP_INSTALL = YES;
				SUPPORTED_PLATFORMS = "watchos watchsimulator";
				SWIFT_EMIT_LOC_STRINGS = YES;
				SWIFT_VERSION = 5.0;
				TARGETED_DEVICE_FAMILY = 4;
				WATCHOS_DEPLOYMENT_TARGET = 26.0;
			};
			name = Release;
		};
		A30000012FB0000100000034 /* Debug */ = {
			isa = XCBuildConfiguration;
			buildSettings = {
				APPLICATION_EXTENSION_API_ONLY = YES;
				CODE_SIGN_ENTITLEMENTS = "Moves Widgets/MovesWidgets.entitlements";
				CODE_SIGN_STYLE = Automatic;
				CURRENT_PROJECT_VERSION = 37;
				GENERATE_INFOPLIST_FILE = NO;
				INFOPLIST_FILE = "Moves Widgets/MovesWidgets-Info.plist";
				LD_RUNPATH_SEARCH_PATHS = (
					"$(inherited)",
					"@executable_path/Frameworks",
					"@executable_path/../../Frameworks",
				);
				MARKETING_VERSION = 2026.17;
				PRODUCT_BUNDLE_IDENTIFIER = de.holgerkrupp.Moves.widgets;
				PRODUCT_NAME = "$(TARGET_NAME)";
				SDKROOT = iphoneos;
				SKIP_INSTALL = YES;
				SUPPORTED_PLATFORMS = "iphoneos iphonesimulator";
				SUPPORTS_MACCATALYST = YES;
				SWIFT_EMIT_LOC_STRINGS = YES;
				SWIFT_VERSION = 5.0;
				TARGETED_DEVICE_FAMILY = "1,2";
			};
			name = Debug;
		};
		A30000012FB0000100000036 /* Release */ = {
			isa = XCBuildConfiguration;
			buildSettings = {
				APPLICATION_EXTENSION_API_ONLY = YES;
				CODE_SIGN_ENTITLEMENTS = "Moves Widgets/MovesWidgets.entitlements";
				CODE_SIGN_STYLE = Automatic;
				CURRENT_PROJECT_VERSION = 37;
				GENERATE_INFOPLIST_FILE = NO;
				INFOPLIST_FILE = "Moves Widgets/MovesWidgets-Info.plist";
				LD_RUNPATH_SEARCH_PATHS = (
					"$(inherited)",
					"@executable_path/Frameworks",
					"@executable_path/../../Frameworks",
				);
				MARKETING_VERSION = 2026.17;
				PRODUCT_BUNDLE_IDENTIFIER = de.holgerkrupp.Moves.widgets;
				PRODUCT_NAME = "$(TARGET_NAME)";
				SDKROOT = iphoneos;
				SKIP_INSTALL = YES;
				SUPPORTED_PLATFORMS = "iphoneos iphonesimulator";
				SUPPORTS_MACCATALYST = YES;
				SWIFT_EMIT_LOC_STRINGS = YES;
				SWIFT_VERSION = 5.0;
				TARGETED_DEVICE_FAMILY = "1,2";
			};
			name = Release;
		};
		A30000012FB0000100000037 /* Debug */ = {
			isa = XCBuildConfiguration;
			buildSettings = {
				APPLICATION_EXTENSION_API_ONLY = YES;
				CODE_SIGN_ENTITLEMENTS = "Moves Widgets/MovesWidgets.entitlements";
				CODE_SIGN_STYLE = Automatic;
				CURRENT_PROJECT_VERSION = 37;
				GENERATE_INFOPLIST_FILE = NO;
				INFOPLIST_FILE = "Moves Widgets/MovesWidgets-Info.plist";
				LD_RUNPATH_SEARCH_PATHS = (
					"$(inherited)",
					"@executable_path/Frameworks",
					"@executable_path/../../Frameworks",
				);
				MARKETING_VERSION = 2026.17;
				PRODUCT_BUNDLE_IDENTIFIER = de.holgerkrupp.Moves.watchkitapp.widgets;
				PRODUCT_NAME = "$(TARGET_NAME)";
				SDKROOT = watchos;
				SKIP_INSTALL = YES;
				SUPPORTED_PLATFORMS = "watchos watchsimulator";
				SWIFT_EMIT_LOC_STRINGS = YES;
				SWIFT_VERSION = 5.0;
				TARGETED_DEVICE_FAMILY = 4;
				WATCHOS_DEPLOYMENT_TARGET = 26.0;
			};
			name = Debug;
		};
		A30000012FB0000100000039 /* Release */ = {
			isa = XCBuildConfiguration;
			buildSettings = {
				APPLICATION_EXTENSION_API_ONLY = YES;
				CODE_SIGN_ENTITLEMENTS = "Moves Widgets/MovesWidgets.entitlements";
				CODE_SIGN_STYLE = Automatic;
				CURRENT_PROJECT_VERSION = 37;
				GENERATE_INFOPLIST_FILE = NO;
				INFOPLIST_FILE = "Moves Widgets/MovesWidgets-Info.plist";
				LD_RUNPATH_SEARCH_PATHS = (
					"$(inherited)",
					"@executable_path/Frameworks",
					"@executable_path/../../Frameworks",
				);
				MARKETING_VERSION = 2026.17;
				PRODUCT_BUNDLE_IDENTIFIER = de.holgerkrupp.Moves.watchkitapp.widgets;
				PRODUCT_NAME = "$(TARGET_NAME)";
				SDKROOT = watchos;
				SKIP_INSTALL = YES;
				SUPPORTED_PLATFORMS = "watchos watchsimulator";
				SWIFT_EMIT_LOC_STRINGS = YES;
				SWIFT_VERSION = 5.0;
				TARGETED_DEVICE_FAMILY = 4;
				WATCHOS_DEPLOYMENT_TARGET = 26.0;
			};
			name = Release;
		};
		F1000001310000010000000C /* Debug */ = {
			isa = XCBuildConfiguration;
			buildSettings = {
				CODE_SIGN_ENTITLEMENTS = Moves/Mac/MovesMac.entitlements;
				CODE_SIGN_STYLE = Automatic;
				CURRENT_PROJECT_VERSION = 37;
				GENERATE_INFOPLIST_FILE = YES;
				INFOPLIST_KEY_LSApplicationCategoryType = "public.app-category.travel";
				MACOSX_DEPLOYMENT_TARGET = 15.0;
				MARKETING_VERSION = 2026.17;
				PRODUCT_BUNDLE_IDENTIFIER = de.holgerkrupp.Moves.mac;
				PRODUCT_NAME = "Moves Mac";
				SDKROOT = macosx;
				SUPPORTED_PLATFORMS = macosx;
				SWIFT_VERSION = 5.0;
			};
			name = Debug;
		};
		F1000001310000010000000D /* Release */ = {
			isa = XCBuildConfiguration;
			buildSettings = {
				CODE_SIGN_ENTITLEMENTS = Moves/Mac/MovesMac.entitlements;
				CODE_SIGN_STYLE = Automatic;
				CURRENT_PROJECT_VERSION = 37;
				GENERATE_INFOPLIST_FILE = YES;
				INFOPLIST_KEY_LSApplicationCategoryType = "public.app-category.travel";
				MACOSX_DEPLOYMENT_TARGET = 15.0;
				MARKETING_VERSION = 2026.17;
				PRODUCT_BUNDLE_IDENTIFIER = de.holgerkrupp.Moves.mac;
				PRODUCT_NAME = "Moves Mac";
				SDKROOT = macosx;
				SUPPORTED_PLATFORMS = macosx;
				SWIFT_VERSION = 5.0;
			};
			name = Release;
		};
/* End XCBuildConfiguration section */

/* Begin XCConfigurationList section */
		489A762C2C4FC6F300F43B69 /* Build configuration list for PBXProject "Moves" */ = {
			isa = XCConfigurationList;
			buildConfigurations = (
				489A763F2C4FC6F500F43B69 /* Debug */,
				489A76402C4FC6F500F43B69 /* Release */,
			);
			defaultConfigurationIsVisible = 0;
			defaultConfigurationName = Release;
		};
		489A76412C4FC6F500F43B69 /* Build configuration list for PBXNativeTarget "Moves" */ = {
			isa = XCConfigurationList;
			buildConfigurations = (
				489A76422C4FC6F500F43B69 /* Debug */,
				489A76432C4FC6F500F43B69 /* Release */,
			);
			defaultConfigurationIsVisible = 0;
			defaultConfigurationName = Release;
		};
		9A1B00012F00000100000009 /* Build configuration list for PBXNativeTarget "MovesTests" */ = {
			isa = XCConfigurationList;
			buildConfigurations = (
				9A1B00012F0000010000000A /* Debug */,
				9A1B00012F0000010000000B /* Release */,
			);
			defaultConfigurationIsVisible = 0;
			defaultConfigurationName = Release;
		};
		A20000012FA0000100000021 /* Build configuration list for PBXNativeTarget "Moves Watch App" */ = {
			isa = XCConfigurationList;
			buildConfigurations = (
				A20000012FA000010000001F /* Debug */,
				A20000012FA0000100000020 /* Release */,
			);
			defaultConfigurationIsVisible = 0;
			defaultConfigurationName = Release;
		};
		A30000012FB0000100000035 /* Build configuration list for PBXNativeTarget "Moves Widgets" */ = {
			isa = XCConfigurationList;
			buildConfigurations = (
				A30000012FB0000100000034 /* Debug */,
				A30000012FB0000100000036 /* Release */,
			);
			defaultConfigurationIsVisible = 0;
			defaultConfigurationName = Release;
		};
		A30000012FB0000100000038 /* Build configuration list for PBXNativeTarget "Moves Watch Widgets" */ = {
			isa = XCConfigurationList;
			buildConfigurations = (
				A30000012FB0000100000037 /* Debug */,
				A30000012FB0000100000039 /* Release */,
			);
			defaultConfigurationIsVisible = 0;
			defaultConfigurationName = Release;
		};
		F10000013100000100000008 /* Build configuration list for PBXNativeTarget "Moves Mac" */ = {
			isa = XCConfigurationList;
			buildConfigurations = (
				F1000001310000010000000C /* Debug */,
				F1000001310000010000000D /* Release */,
			);
			defaultConfigurationIsVisible = 0;
			defaultConfigurationName = Release;
		};
/* End XCConfigurationList section */

/* Begin XCRemoteSwiftPackageReference section */
		A50000012FD0000100000003 /* XCRemoteSwiftPackageReference "CloudDataPresence" */ = {
			isa = XCRemoteSwiftPackageReference;
			repositoryURL = "https://github.com/holgerkrupp/CloudDataPresence";
			requirement = {
				branch = main;
				kind = branch;
			};
		};
		E50000013050000100000002 /* XCRemoteSwiftPackageReference "CloudKitSyncMonitor" */ = {
			isa = XCRemoteSwiftPackageReference;
			repositoryURL = "https://github.com/ggruen/CloudKitSyncMonitor.git";
			requirement = {
				kind = upToNextMajorVersion;
				minimumVersion = 3.1.0;
			};
		};
/* End XCRemoteSwiftPackageReference section */

/* Begin XCSwiftPackageProductDependency section */
		A50000012FD0000100000004 /* CloudDataPresence */ = {
			isa = XCSwiftPackageProductDependency;
			package = A50000012FD0000100000003 /* XCRemoteSwiftPackageReference "CloudDataPresence" */;
			productName = CloudDataPresence;
		};
		E50000013050000100000003 /* CloudKitSyncMonitor */ = {
			isa = XCSwiftPackageProductDependency;
			package = E50000013050000100000002 /* XCRemoteSwiftPackageReference "CloudKitSyncMonitor" */;
			productName = CloudKitSyncMonitor;
		};
/* End XCSwiftPackageProductDependency section */
	};
	rootObject = 489A76292C4FC6F300F43B69 /* Project object */;
}
