{
  "originHash" : "0c3631f9b1915cf33a564660a09fb7a7fe7fb72e0dd67984638c1c1538dd72f9",
  "pins" : [
    {
      "identity" : "clouddatapresence",
      "kind" : "remoteSourceControl",
      "location" : "https://github.com/holgerkrupp/CloudDataPresence",
      "state" : {
        "branch" : "main",
        "revision" : "822dbe3ccaaed19c09d9a54b22347a5c06ca8efe"
      }
    },
    {
      "identity" : "cloudkitsyncmonitor",
      "kind" : "remoteSourceControl",
      "location" : "https://github.com/ggruen/CloudKitSyncMonitor.git",
      "state" : {
        "revision" : "a421ba7b38fa2e37bb78fc1425db491ca5e93c9a",
        "version" : "3.1.0"
      }
    }
  ],
  "version" : 3
}
