{
  "originHash" : "95fd9836d85c194d1d0a29e40def139a11b307867323a638502ed83b85c129c3",
  "pins" : [
    {
      "identity" : "clouddatapresence",
      "kind" : "remoteSourceControl",
      "location" : "https://github.com/holgerkrupp/CloudDataPresence",
      "state" : {
        "branch" : "main",
        "revision" : "822dbe3ccaaed19c09d9a54b22347a5c06ca8efe"
      }
    },
    {
      "identity" : "cloudkitsyncmonitor",
      "kind" : "remoteSourceControl",
      "location" : "https://github.com/ggruen/CloudKitSyncMonitor.git",
      "state" : {
        "revision" : "a421ba7b38fa2e37bb78fc1425db491ca5e93c9a",
        "version" : "3.1.0"
      }
    },
    {
      "identity" : "swiftdeviceinfo",
      "kind" : "remoteSourceControl",
      "location" : "https://github.com/holgerkrupp/SwiftDeviceInfo.git",
      "state" : {
        "branch" : "main",
        "revision" : "c917442072d9e9fd64e299f1e5b261f210383191"
      }
    }
  ],
  "version" : 3
}
